// !$*UTF8*$!
{
	archiveVersion = 1;
	classes = {
	};
	objectVersion = 56;
	objects = {

/* Begin PBXBuildFile section */
		3D09A64C2BB6CC51000C54A1 /* ExplanationText.swift in Sources */ = {isa = PBXBuildFile; fileRef = 3D09A64B2BB6CC51000C54A1 /* ExplanationText.swift */; };
		3D09A64E2BB6D48E000C54A1 /* VerifyUsernameAvailabilityUseCase.swift in Sources */ = {isa = PBXBuildFile; fileRef = 3D09A64D2BB6D48E000C54A1 /* VerifyUsernameAvailabilityUseCase.swift */; };
		3D09A6502BB6E6DB000C54A1 /* StringExtensions.swift in Sources */ = {isa = PBXBuildFile; fileRef = 3D09A64F2BB6E6DB000C54A1 /* StringExtensions.swift */; };
		3D19983B2B8FC8DA009B020A /* FirebaseAuth in Frameworks */ = {isa = PBXBuildFile; productRef = 3D19983A2B8FC8DA009B020A /* FirebaseAuth */; };
		3D19983D2B8FC8DB009B020A /* FirebaseFirestore in Frameworks */ = {isa = PBXBuildFile; productRef = 3D19983C2B8FC8DA009B020A /* FirebaseFirestore */; };
		3D19983F2B8FC8DB009B020A /* FirebaseFirestoreSwift in Frameworks */ = {isa = PBXBuildFile; productRef = 3D19983E2B8FC8DB009B020A /* FirebaseFirestoreSwift */; };
		3D1998412B8FC8DB009B020A /* FirebaseStorage in Frameworks */ = {isa = PBXBuildFile; productRef = 3D1998402B8FC8DB009B020A /* FirebaseStorage */; };
		3D1998432B8FC8DB009B020A /* FirebaseStorageCombine-Community in Frameworks */ = {isa = PBXBuildFile; productRef = 3D1998422B8FC8DB009B020A /* FirebaseStorageCombine-Community */; };
		3D1998452B8FC970009B020A /* GoogleService-Info.plist in Resources */ = {isa = PBXBuildFile; fileRef = 3D1998442B8FC970009B020A /* GoogleService-Info.plist */; };
		3D2256DB2BB1EED500F87A4B /* GetCurrentUserUseCase.swift in Sources */ = {isa = PBXBuildFile; fileRef = 3D2256DA2BB1EED500F87A4B /* GetCurrentUserUseCase.swift */; };
		3D2256DD2BB1F6E000F87A4B /* SettingsViewModel.swift in Sources */ = {isa = PBXBuildFile; fileRef = 3D2256DC2BB1F6E000F87A4B /* SettingsViewModel.swift */; };
		3D2256DF2BB1F91500F87A4B /* ProfileViewModel.swift in Sources */ = {isa = PBXBuildFile; fileRef = 3D2256DE2BB1F91500F87A4B /* ProfileViewModel.swift */; };
		3D2256E22BB1FBC500F87A4B /* BaseUserViewModel.swift in Sources */ = {isa = PBXBuildFile; fileRef = 3D2256E12BB1FBC500F87A4B /* BaseUserViewModel.swift */; };
		3D22D5272BB59AB70033E8F4 /* HomeViewModel.swift in Sources */ = {isa = PBXBuildFile; fileRef = 3D22D5262BB59AB70033E8F4 /* HomeViewModel.swift */; };
		3D22D5292BB59E420033E8F4 /* LeftMenuViewModel.swift in Sources */ = {isa = PBXBuildFile; fileRef = 3D22D5282BB59E420033E8F4 /* LeftMenuViewModel.swift */; };
		3D33CAAB2B979DDD001721A2 /* ProfileImageView.swift in Sources */ = {isa = PBXBuildFile; fileRef = 3D33CAAA2B979DDD001721A2 /* ProfileImageView.swift */; };
		3D33CAAD2B97A6E2001721A2 /* TabBarMenuView.swift in Sources */ = {isa = PBXBuildFile; fileRef = 3D33CAAC2B97A6E2001721A2 /* TabBarMenuView.swift */; };
		3D33CAAF2B97AE34001721A2 /* InviteFriendsView.swift in Sources */ = {isa = PBXBuildFile; fileRef = 3D33CAAE2B97AE34001721A2 /* InviteFriendsView.swift */; };
		3D33CFEF2B7159100053C59F /* SettingsView.swift in Sources */ = {isa = PBXBuildFile; fileRef = 3D33CFEE2B7159100053C59F /* SettingsView.swift */; };
		3D33CFF12B7161E40053C59F /* EditProfileView.swift in Sources */ = {isa = PBXBuildFile; fileRef = 3D33CFF02B7161E40053C59F /* EditProfileView.swift */; };
		3D33CFF42B7164D90053C59F /* Extensions.swift in Sources */ = {isa = PBXBuildFile; fileRef = 3D33CFF32B7164D90053C59F /* Extensions.swift */; };
		3D4066F92B911B2D00785E5E /* LoadingView.swift in Sources */ = {isa = PBXBuildFile; fileRef = 3D4066F82B911B2D00785E5E /* LoadingView.swift */; };
		3D5387522BB031CD00E69294 /* PostRealInsightUseCase.swift in Sources */ = {isa = PBXBuildFile; fileRef = 3D5387512BB031CD00E69294 /* PostRealInsightUseCase.swift */; };
		3D5387572BB0409B00E69294 /* CreateUserDTO.swift in Sources */ = {isa = PBXBuildFile; fileRef = 3D5387562BB0409B00E69294 /* CreateUserDTO.swift */; };
		3D5387592BB0415200E69294 /* UpdateUserDTO+Dictionary.swift in Sources */ = {isa = PBXBuildFile; fileRef = 3D5387582BB0415200E69294 /* UpdateUserDTO+Dictionary.swift */; };
		3D53875D2BB0419200E69294 /* CreateUserDTO+Dictionary.swift in Sources */ = {isa = PBXBuildFile; fileRef = 3D53875C2BB0419200E69294 /* CreateUserDTO+Dictionary.swift */; };
		3D53875F2BB0446300E69294 /* SignUpUseCase.swift in Sources */ = {isa = PBXBuildFile; fileRef = 3D53875E2BB0446300E69294 /* SignUpUseCase.swift */; };
		3D67564D2B97B7CC006DD1BE /* DateExtensions.swift in Sources */ = {isa = PBXBuildFile; fileRef = 3D67564C2B97B7CC006DD1BE /* DateExtensions.swift */; };
		3D68D53F2BBC7B81001538EB /* FormField.swift in Sources */ = {isa = PBXBuildFile; fileRef = 3D68D53E2BBC7B81001538EB /* FormField.swift */; };
		3D68D5412BBC7EF9001538EB /* FormFieldExtensions.swift in Sources */ = {isa = PBXBuildFile; fileRef = 3D68D5402BBC7EF9001538EB /* FormFieldExtensions.swift */; };
		3D78626B2B9B92D300A9424C /* RealInsightsRepository.swift in Sources */ = {isa = PBXBuildFile; fileRef = 3D78626A2B9B92D300A9424C /* RealInsightsRepository.swift */; };
		3D78626D2B9B92F000A9424C /* RealInsightsRepositoryImpl.swift in Sources */ = {isa = PBXBuildFile; fileRef = 3D78626C2B9B92F000A9424C /* RealInsightsRepositoryImpl.swift */; };
		3D78626F2B9B930F00A9424C /* FetchRealInsightsUseCase.swift in Sources */ = {isa = PBXBuildFile; fileRef = 3D78626E2B9B930F00A9424C /* FetchRealInsightsUseCase.swift */; };
		3D7862722B9B96FD00A9424C /* Factory in Frameworks */ = {isa = PBXBuildFile; productRef = 3D7862712B9B96FD00A9424C /* Factory */; };
		3D7862752B9B98B700A9424C /* Container.swift in Sources */ = {isa = PBXBuildFile; fileRef = 3D7862742B9B98B700A9424C /* Container.swift */; };
		3D7A4A1F2BBDC54200CC1C14 /* GetSuggestionsUseCase.swift in Sources */ = {isa = PBXBuildFile; fileRef = 3D7A4A1E2BBDC54200CC1C14 /* GetSuggestionsUseCase.swift */; };
		3D7A4A212BBDC70000CC1C14 /* SuggestionsViewModel.swift in Sources */ = {isa = PBXBuildFile; fileRef = 3D7A4A202BBDC70000CC1C14 /* SuggestionsViewModel.swift */; };
		3D7A4A232BBDC77E00CC1C14 /* SuggestionsView.swift in Sources */ = {isa = PBXBuildFile; fileRef = 3D7A4A222BBDC77E00CC1C14 /* SuggestionsView.swift */; };
		3D7A4A252BBDCD3D00CC1C14 /* FriendsViewModel.swift in Sources */ = {isa = PBXBuildFile; fileRef = 3D7A4A242BBDCD3C00CC1C14 /* FriendsViewModel.swift */; };
		3D7A4A272BBDCDC900CC1C14 /* RequestsViewModel.swift in Sources */ = {isa = PBXBuildFile; fileRef = 3D7A4A262BBDCDC900CC1C14 /* RequestsViewModel.swift */; };
		3D7A4A292BBDD7A000CC1C14 /* FetchFriendsForUserUseCase.swift in Sources */ = {isa = PBXBuildFile; fileRef = 3D7A4A282BBDD7A000CC1C14 /* FetchFriendsForUserUseCase.swift */; };
		3D7A4A2B2BBDD82000CC1C14 /* FetchFollowerRequestsForUserUseCase.swift in Sources */ = {isa = PBXBuildFile; fileRef = 3D7A4A2A2BBDD82000CC1C14 /* FetchFollowerRequestsForUserUseCase.swift */; };
		3D7A4A2D2BBDDA8100CC1C14 /* NoDataFoundView.swift in Sources */ = {isa = PBXBuildFile; fileRef = 3D7A4A2C2BBDDA8100CC1C14 /* NoDataFoundView.swift */; };
		3D8BAE2D2BB5E5010069D41D /* FetchOwnRealInsightsUseCase.swift in Sources */ = {isa = PBXBuildFile; fileRef = 3D8BAE2C2BB5E5010069D41D /* FetchOwnRealInsightsUseCase.swift */; };
		3D8BAE2F2BB5E89F0069D41D /* ArrayExtensions.swift in Sources */ = {isa = PBXBuildFile; fileRef = 3D8BAE2E2BB5E89F0069D41D /* ArrayExtensions.swift */; };
		3D8CDF582B75764E00C6C1F3 /* FriendsView.swift in Sources */ = {isa = PBXBuildFile; fileRef = 3D8CDF572B75764E00C6C1F3 /* FriendsView.swift */; };
		3D8DE6C72BB4A55E00814C35 /* EventBus.swift in Sources */ = {isa = PBXBuildFile; fileRef = 3D8DE6C62BB4A55E00814C35 /* EventBus.swift */; };
		3D8DE6C92BB4A8C700814C35 /* BaseAuthViewModel.swift in Sources */ = {isa = PBXBuildFile; fileRef = 3D8DE6C82BB4A8C700814C35 /* BaseAuthViewModel.swift */; };
		3D94873C2B924B03001C5676 /* ImagePicker.swift in Sources */ = {isa = PBXBuildFile; fileRef = 3D94873B2B924B03001C5676 /* ImagePicker.swift */; };
		3D94873F2B9254A0001C5676 /* Kingfisher in Frameworks */ = {isa = PBXBuildFile; productRef = 3D94873E2B9254A0001C5676 /* Kingfisher */; };
		3D9487412B925E7C001C5676 /* CameraView.swift in Sources */ = {isa = PBXBuildFile; fileRef = 3D9487402B925E7C001C5676 /* CameraView.swift */; };
		3D9487432B9269DE001C5676 /* CameraViewModel.swift in Sources */ = {isa = PBXBuildFile; fileRef = 3D9487422B9269DD001C5676 /* CameraViewModel.swift */; };
		3D9A184D2B8FBBE5003D2447 /* Birthdate.swift in Sources */ = {isa = PBXBuildFile; fileRef = 3D9A184C2B8FBBE5003D2447 /* Birthdate.swift */; };
		3D9A35B32B7182C2000F51AC /* TimeZoneView.swift in Sources */ = {isa = PBXBuildFile; fileRef = 3D9A35B22B7182C2000F51AC /* TimeZoneView.swift */; };
		3D9A35B62B718B22000F51AC /* LeftMenu.swift in Sources */ = {isa = PBXBuildFile; fileRef = 3D9A35B52B718B22000F51AC /* LeftMenu.swift */; };
		3D9A35B82B718B4D000F51AC /* LeftMenuTopView.swift in Sources */ = {isa = PBXBuildFile; fileRef = 3D9A35B72B718B4D000F51AC /* LeftMenuTopView.swift */; };
		3D9A35BC2B718BE9000F51AC /* SearchBar.swift in Sources */ = {isa = PBXBuildFile; fileRef = 3D9A35BB2B718BE9000F51AC /* SearchBar.swift */; };
		3D9D04E12B96425000DCC894 /* ViewExtensions.swift in Sources */ = {isa = PBXBuildFile; fileRef = 3D9D04E02B96425000DCC894 /* ViewExtensions.swift */; };
		3D9DE1E82B9333040033B173 /* FeedViewModel.swift in Sources */ = {isa = PBXBuildFile; fileRef = 3D9DE1E72B9333040033B173 /* FeedViewModel.swift */; };
		3D9DE1EA2B9333B80033B173 /* RealInsight.swift in Sources */ = {isa = PBXBuildFile; fileRef = 3D9DE1E92B9333B80033B173 /* RealInsight.swift */; };
		3D9DE1EC2B9338F40033B173 /* FeedCellViewModel.swift in Sources */ = {isa = PBXBuildFile; fileRef = 3D9DE1EB2B9338F40033B173 /* FeedCellViewModel.swift */; };
		3DA71E672BB4351A005577DF /* BackgroundImage.swift in Sources */ = {isa = PBXBuildFile; fileRef = 3DA71E662BB43519005577DF /* BackgroundImage.swift */; };
		3DA71E692BB44547005577DF /* ValidateOTPView.swift in Sources */ = {isa = PBXBuildFile; fileRef = 3DA71E682BB44547005577DF /* ValidateOTPView.swift */; };
		3DA959DF2BB583BB00EB01EF /* IconCircleView.swift in Sources */ = {isa = PBXBuildFile; fileRef = 3DA959DE2BB583BA00EB01EF /* IconCircleView.swift */; };
		3DAE5C7D2B9102A30019787D /* User.swift in Sources */ = {isa = PBXBuildFile; fileRef = 3DAE5C7C2B9102A30019787D /* User.swift */; };
		3DAE5C7F2B9104180019787D /* MainView.swift in Sources */ = {isa = PBXBuildFile; fileRef = 3DAE5C7E2B9104180019787D /* MainView.swift */; };
		3DC0E8632B9C717300C5AE60 /* OnboardingView.swift in Sources */ = {isa = PBXBuildFile; fileRef = 3DC0E8622B9C717300C5AE60 /* OnboardingView.swift */; };
		3DC0E8672B9C7B3A00C5AE60 /* Launch Screen.storyboard in Resources */ = {isa = PBXBuildFile; fileRef = 3DC0E8662B9C7B3A00C5AE60 /* Launch Screen.storyboard */; };
		3DC0E86A2B9C8B1200C5AE60 /* CreateAccountView.swift in Sources */ = {isa = PBXBuildFile; fileRef = 3DC0E8692B9C8B1200C5AE60 /* CreateAccountView.swift */; };
		3DC429992B9B9E3000C0548B /* AuthenticationRepository.swift in Sources */ = {isa = PBXBuildFile; fileRef = 3DC429982B9B9E3000C0548B /* AuthenticationRepository.swift */; };
		3DC4299B2B9B9E5600C0548B /* AuthenticationRepositoryImpl.swift in Sources */ = {isa = PBXBuildFile; fileRef = 3DC4299A2B9B9E5600C0548B /* AuthenticationRepositoryImpl.swift */; };
		3DC4299D2B9B9E6D00C0548B /* UserProfileRepository.swift in Sources */ = {isa = PBXBuildFile; fileRef = 3DC4299C2B9B9E6D00C0548B /* UserProfileRepository.swift */; };
		3DC4299F2B9B9E8100C0548B /* UserProfileRepositoryImpl.swift in Sources */ = {isa = PBXBuildFile; fileRef = 3DC4299E2B9B9E8100C0548B /* UserProfileRepositoryImpl.swift */; };
		3DC429A12B9BA0FD00C0548B /* SendOtpUseCase.swift in Sources */ = {isa = PBXBuildFile; fileRef = 3DC429A02B9BA0FD00C0548B /* SendOtpUseCase.swift */; };
		3DC429A32B9BA11600C0548B /* SignInUseCase.swift in Sources */ = {isa = PBXBuildFile; fileRef = 3DC429A22B9BA11600C0548B /* SignInUseCase.swift */; };
		3DC429A52B9BA13200C0548B /* SignOutUseCase.swift in Sources */ = {isa = PBXBuildFile; fileRef = 3DC429A42B9BA13200C0548B /* SignOutUseCase.swift */; };
		3DC429A72B9BA14500C0548B /* VerifySessionUseCase.swift in Sources */ = {isa = PBXBuildFile; fileRef = 3DC429A62B9BA14400C0548B /* VerifySessionUseCase.swift */; };
		3DC429A92B9BA6C700C0548B /* UpdateUserUseCase.swift in Sources */ = {isa = PBXBuildFile; fileRef = 3DC429A82B9BA6C700C0548B /* UpdateUserUseCase.swift */; };
		3DC429AB2B9BA9FC00C0548B /* EditProfileViewModel.swift in Sources */ = {isa = PBXBuildFile; fileRef = 3DC429AA2B9BA9FC00C0548B /* EditProfileViewModel.swift */; };
		3DD405182B7BF1F600C39D5C /* RequestsView.swift in Sources */ = {isa = PBXBuildFile; fileRef = 3DD405172B7BF1F600C39D5C /* RequestsView.swift */; };
		3DD4051A2B7BFBA800C39D5C /* OtherView.swift in Sources */ = {isa = PBXBuildFile; fileRef = 3DD405192B7BFBA800C39D5C /* OtherView.swift */; };
		3DD4051C2B7BFE9500C39D5C /* HelpView.swift in Sources */ = {isa = PBXBuildFile; fileRef = 3DD4051B2B7BFE9400C39D5C /* HelpView.swift */; };
		3DD4051E2B7BFF5300C39D5C /* ChevronButtonView.swift in Sources */ = {isa = PBXBuildFile; fileRef = 3DD4051D2B7BFF5300C39D5C /* ChevronButtonView.swift */; };
		3DD405202B7C00CE00C39D5C /* ContactUsView.swift in Sources */ = {isa = PBXBuildFile; fileRef = 3DD4051F2B7C00CE00C39D5C /* ContactUsView.swift */; };
		3DD405222B7C027300C39D5C /* MemoriesView.swift in Sources */ = {isa = PBXBuildFile; fileRef = 3DD405212B7C027300C39D5C /* MemoriesView.swift */; };
		3DD405242B7C0A5B00C39D5C /* NotificationsView.swift in Sources */ = {isa = PBXBuildFile; fileRef = 3DD405232B7C0A5B00C39D5C /* NotificationsView.swift */; };
		3DD405272B7C0E8C00C39D5C /* NotificationsButtonView.swift in Sources */ = {isa = PBXBuildFile; fileRef = 3DD405262B7C0E8C00C39D5C /* NotificationsButtonView.swift */; };
		3DD405292B7C134600C39D5C /* WhiteButtonView.swift in Sources */ = {isa = PBXBuildFile; fileRef = 3DD405282B7C134600C39D5C /* WhiteButtonView.swift */; };
		3DE5E1242B9CE0B000EA85DF /* AuthenticationDataSource.swift in Sources */ = {isa = PBXBuildFile; fileRef = 3DE5E1232B9CE0B000EA85DF /* AuthenticationDataSource.swift */; };
		3DE5E1272B9CE10D00EA85DF /* FirebaseAuthenticationDataSourceImpl.swift in Sources */ = {isa = PBXBuildFile; fileRef = 3DE5E1262B9CE10D00EA85DF /* FirebaseAuthenticationDataSourceImpl.swift */; };
		3DE5E1292B9CE33D00EA85DF /* StorageFilesDataSource.swift in Sources */ = {isa = PBXBuildFile; fileRef = 3DE5E1282B9CE33D00EA85DF /* StorageFilesDataSource.swift */; };
		3DE5E12B2B9CE37500EA85DF /* FirestoreStorageFilesDataSourceImpl.swift in Sources */ = {isa = PBXBuildFile; fileRef = 3DE5E12A2B9CE37500EA85DF /* FirestoreStorageFilesDataSourceImpl.swift */; };
		3DE5E12D2B9CE3D800EA85DF /* RealInsightsDataSource.swift in Sources */ = {isa = PBXBuildFile; fileRef = 3DE5E12C2B9CE3D800EA85DF /* RealInsightsDataSource.swift */; };
		3DE5E1302B9CE41D00EA85DF /* RealInsightDTO.swift in Sources */ = {isa = PBXBuildFile; fileRef = 3DE5E12F2B9CE41D00EA85DF /* RealInsightDTO.swift */; };
		3DE5E1322B9CE45D00EA85DF /* FirestoreRealInsightsDataSourceImpl.swift in Sources */ = {isa = PBXBuildFile; fileRef = 3DE5E1312B9CE45D00EA85DF /* FirestoreRealInsightsDataSourceImpl.swift */; };
		3DE5E1342B9CE50300EA85DF /* UserDataSource.swift in Sources */ = {isa = PBXBuildFile; fileRef = 3DE5E1332B9CE50300EA85DF /* UserDataSource.swift */; };
		3DE5E1362B9CE56D00EA85DF /* UpdateUserDTO.swift in Sources */ = {isa = PBXBuildFile; fileRef = 3DE5E1352B9CE56D00EA85DF /* UpdateUserDTO.swift */; };
		3DE5E1382B9CE5DB00EA85DF /* UserDTO.swift in Sources */ = {isa = PBXBuildFile; fileRef = 3DE5E1372B9CE5DB00EA85DF /* UserDTO.swift */; };
		3DE5E13A2B9CE60B00EA85DF /* FirestoreUserDataSourceImpl.swift in Sources */ = {isa = PBXBuildFile; fileRef = 3DE5E1392B9CE60B00EA85DF /* FirestoreUserDataSourceImpl.swift */; };
		3DE5E13D2B9CEC1B00EA85DF /* Mapper.swift in Sources */ = {isa = PBXBuildFile; fileRef = 3DE5E13C2B9CEC1B00EA85DF /* Mapper.swift */; };
		3DE5E1402B9CEC3200EA85DF /* UserMapper.swift in Sources */ = {isa = PBXBuildFile; fileRef = 3DE5E13F2B9CEC3200EA85DF /* UserMapper.swift */; };
		3DE5E1422B9CEEFB00EA85DF /* RealInsightMapper.swift in Sources */ = {isa = PBXBuildFile; fileRef = 3DE5E1412B9CEEFB00EA85DF /* RealInsightMapper.swift */; };
		3DEF786E2B8D01680081AFD9 /* EnterNameView.swift in Sources */ = {isa = PBXBuildFile; fileRef = 3DEF786D2B8D01680081AFD9 /* EnterNameView.swift */; };
		3DEF78702B8D05980081AFD9 /* EnterAgeView.swift in Sources */ = {isa = PBXBuildFile; fileRef = 3DEF786F2B8D05980081AFD9 /* EnterAgeView.swift */; };
		3DEF78752B8D0DE10081AFD9 /* countries.json in Resources */ = {isa = PBXBuildFile; fileRef = 3DEF78742B8D0DE10081AFD9 /* countries.json */; };
		3DEF78772B8D0E030081AFD9 /* Country.swift in Sources */ = {isa = PBXBuildFile; fileRef = 3DEF78762B8D0E030081AFD9 /* Country.swift */; };
		3DEF78792B8D10CB0081AFD9 /* SelectCountryView.swift in Sources */ = {isa = PBXBuildFile; fileRef = 3DEF78782B8D10CB0081AFD9 /* SelectCountryView.swift */; };
		3DEF787C2B8D144F0081AFD9 /* EnterPhoneNumberView.swift in Sources */ = {isa = PBXBuildFile; fileRef = 3DEF787B2B8D144F0081AFD9 /* EnterPhoneNumberView.swift */; };
		3DEF787E2B8D1B2E0081AFD9 /* EnterCodeView.swift in Sources */ = {isa = PBXBuildFile; fileRef = 3DEF787D2B8D1B2E0081AFD9 /* EnterCodeView.swift */; };
		3DF6E9FA2B6FABAA00CE0D95 /* RealInsightApp.swift in Sources */ = {isa = PBXBuildFile; fileRef = 3DF6E9F92B6FABAA00CE0D95 /* RealInsightApp.swift */; };
		3DF6E9FC2B6FABAA00CE0D95 /* HomeView.swift in Sources */ = {isa = PBXBuildFile; fileRef = 3DF6E9FB2B6FABAA00CE0D95 /* HomeView.swift */; };
		3DF6E9FE2B6FABAC00CE0D95 /* Assets.xcassets in Resources */ = {isa = PBXBuildFile; fileRef = 3DF6E9FD2B6FABAC00CE0D95 /* Assets.xcassets */; };
		3DF6EA012B6FABAC00CE0D95 /* Preview Assets.xcassets in Resources */ = {isa = PBXBuildFile; fileRef = 3DF6EA002B6FABAC00CE0D95 /* Preview Assets.xcassets */; };
		3DF6EA082B6FABE900CE0D95 /* FeedView.swift in Sources */ = {isa = PBXBuildFile; fileRef = 3DF6EA072B6FABE900CE0D95 /* FeedView.swift */; };
		3DF6EA0A2B6FAD9700CE0D95 /* FeedCellView.swift in Sources */ = {isa = PBXBuildFile; fileRef = 3DF6EA092B6FAD9700CE0D95 /* FeedCellView.swift */; };
		3DF6EA0E2B6FB49500CE0D95 /* ThreeDots.swift in Sources */ = {isa = PBXBuildFile; fileRef = 3DF6EA0D2B6FB49500CE0D95 /* ThreeDots.swift */; };
		3DF6EA102B6FB6FF00CE0D95 /* ProfileView.swift in Sources */ = {isa = PBXBuildFile; fileRef = 3DF6EA0F2B6FB6FF00CE0D95 /* ProfileView.swift */; };
		3DF6EA122B6FB9BE00CE0D95 /* MemoryView.swift in Sources */ = {isa = PBXBuildFile; fileRef = 3DF6EA112B6FB9BE00CE0D95 /* MemoryView.swift */; };
		3DFEB7652B9C8C70000E0D11 /* CreateAccountViewModel.swift in Sources */ = {isa = PBXBuildFile; fileRef = 3DFEB7642B9C8C70000E0D11 /* CreateAccountViewModel.swift */; };
		3DFEB7672B9C8FAD000E0D11 /* BaseViewModel.swift in Sources */ = {isa = PBXBuildFile; fileRef = 3DFEB7662B9C8FAD000E0D11 /* BaseViewModel.swift */; };
		3DFEB7692B9C9491000E0D11 /* AccountCreatedView.swift in Sources */ = {isa = PBXBuildFile; fileRef = 3DFEB7682B9C9491000E0D11 /* AccountCreatedView.swift */; };
		3DFEB76B2B9C97DD000E0D11 /* MainViewModel.swift in Sources */ = {isa = PBXBuildFile; fileRef = 3DFEB76A2B9C97DD000E0D11 /* MainViewModel.swift */; };
		3DFEB76E2B9C9EF7000E0D11 /* TopBarView.swift in Sources */ = {isa = PBXBuildFile; fileRef = 3DFEB76D2B9C9EF7000E0D11 /* TopBarView.swift */; };
		3DFEB7702B9CA133000E0D11 /* AuthenticationView.swift in Sources */ = {isa = PBXBuildFile; fileRef = 3DFEB76F2B9CA133000E0D11 /* AuthenticationView.swift */; };
		3DFEB7722B9CA1C0000E0D11 /* AuthenticationViewModel.swift in Sources */ = {isa = PBXBuildFile; fileRef = 3DFEB7712B9CA1C0000E0D11 /* AuthenticationViewModel.swift */; };
		3DFEB7742B9CA2DB000E0D11 /* AgreementTextView.swift in Sources */ = {isa = PBXBuildFile; fileRef = 3DFEB7732B9CA2DB000E0D11 /* AgreementTextView.swift */; };
		3DFEB7762B9CA2FF000E0D11 /* PhoneNumberInputView.swift in Sources */ = {isa = PBXBuildFile; fileRef = 3DFEB7752B9CA2FF000E0D11 /* PhoneNumberInputView.swift */; };
/* End PBXBuildFile section */

/* Begin PBXFileReference section */
		3D09A64B2BB6CC51000C54A1 /* ExplanationText.swift */ = {isa = PBXFileReference; lastKnownFileType = sourcecode.swift; path = ExplanationText.swift; sourceTree = "<group>"; };
		3D09A64D2BB6D48E000C54A1 /* VerifyUsernameAvailabilityUseCase.swift */ = {isa = PBXFileReference; lastKnownFileType = sourcecode.swift; path = VerifyUsernameAvailabilityUseCase.swift; sourceTree = "<group>"; };
		3D09A64F2BB6E6DB000C54A1 /* StringExtensions.swift */ = {isa = PBXFileReference; lastKnownFileType = sourcecode.swift; path = StringExtensions.swift; sourceTree = "<group>"; };
		3D1998442B8FC970009B020A /* GoogleService-Info.plist */ = {isa = PBXFileReference; fileEncoding = 4; lastKnownFileType = text.plist.xml; path = "GoogleService-Info.plist"; sourceTree = "<group>"; };
		3D1998462B8FD104009B020A /* Info.plist */ = {isa = PBXFileReference; lastKnownFileType = text.plist; path = Info.plist; sourceTree = "<group>"; };
		3D2256DA2BB1EED500F87A4B /* GetCurrentUserUseCase.swift */ = {isa = PBXFileReference; lastKnownFileType = sourcecode.swift; path = GetCurrentUserUseCase.swift; sourceTree = "<group>"; };
		3D2256DC2BB1F6E000F87A4B /* SettingsViewModel.swift */ = {isa = PBXFileReference; lastKnownFileType = sourcecode.swift; path = SettingsViewModel.swift; sourceTree = "<group>"; };
		3D2256DE2BB1F91500F87A4B /* ProfileViewModel.swift */ = {isa = PBXFileReference; lastKnownFileType = sourcecode.swift; path = ProfileViewModel.swift; sourceTree = "<group>"; };
		3D2256E12BB1FBC500F87A4B /* BaseUserViewModel.swift */ = {isa = PBXFileReference; lastKnownFileType = sourcecode.swift; path = BaseUserViewModel.swift; sourceTree = "<group>"; };
		3D22D5262BB59AB70033E8F4 /* HomeViewModel.swift */ = {isa = PBXFileReference; lastKnownFileType = sourcecode.swift; path = HomeViewModel.swift; sourceTree = "<group>"; };
		3D22D5282BB59E420033E8F4 /* LeftMenuViewModel.swift */ = {isa = PBXFileReference; lastKnownFileType = sourcecode.swift; path = LeftMenuViewModel.swift; sourceTree = "<group>"; };
		3D33CAAA2B979DDD001721A2 /* ProfileImageView.swift */ = {isa = PBXFileReference; lastKnownFileType = sourcecode.swift; path = ProfileImageView.swift; sourceTree = "<group>"; };
		3D33CAAC2B97A6E2001721A2 /* TabBarMenuView.swift */ = {isa = PBXFileReference; lastKnownFileType = sourcecode.swift; path = TabBarMenuView.swift; sourceTree = "<group>"; };
		3D33CAAE2B97AE34001721A2 /* InviteFriendsView.swift */ = {isa = PBXFileReference; lastKnownFileType = sourcecode.swift; path = InviteFriendsView.swift; sourceTree = "<group>"; };
		3D33CFEE2B7159100053C59F /* SettingsView.swift */ = {isa = PBXFileReference; lastKnownFileType = sourcecode.swift; path = SettingsView.swift; sourceTree = "<group>"; };
		3D33CFF02B7161E40053C59F /* EditProfileView.swift */ = {isa = PBXFileReference; lastKnownFileType = sourcecode.swift; path = EditProfileView.swift; sourceTree = "<group>"; };
		3D33CFF32B7164D90053C59F /* Extensions.swift */ = {isa = PBXFileReference; lastKnownFileType = sourcecode.swift; path = Extensions.swift; sourceTree = "<group>"; };
		3D4066F82B911B2D00785E5E /* LoadingView.swift */ = {isa = PBXFileReference; lastKnownFileType = sourcecode.swift; path = LoadingView.swift; sourceTree = "<group>"; };
		3D5387512BB031CD00E69294 /* PostRealInsightUseCase.swift */ = {isa = PBXFileReference; lastKnownFileType = sourcecode.swift; path = PostRealInsightUseCase.swift; sourceTree = "<group>"; };
		3D5387562BB0409B00E69294 /* CreateUserDTO.swift */ = {isa = PBXFileReference; lastKnownFileType = sourcecode.swift; path = CreateUserDTO.swift; sourceTree = "<group>"; };
		3D5387582BB0415200E69294 /* UpdateUserDTO+Dictionary.swift */ = {isa = PBXFileReference; lastKnownFileType = sourcecode.swift; path = "UpdateUserDTO+Dictionary.swift"; sourceTree = "<group>"; };
		3D53875C2BB0419200E69294 /* CreateUserDTO+Dictionary.swift */ = {isa = PBXFileReference; lastKnownFileType = sourcecode.swift; path = "CreateUserDTO+Dictionary.swift"; sourceTree = "<group>"; };
		3D53875E2BB0446300E69294 /* SignUpUseCase.swift */ = {isa = PBXFileReference; lastKnownFileType = sourcecode.swift; path = SignUpUseCase.swift; sourceTree = "<group>"; };
		3D67564C2B97B7CC006DD1BE /* DateExtensions.swift */ = {isa = PBXFileReference; lastKnownFileType = sourcecode.swift; path = DateExtensions.swift; sourceTree = "<group>"; };
		3D68D53E2BBC7B81001538EB /* FormField.swift */ = {isa = PBXFileReference; lastKnownFileType = sourcecode.swift; path = FormField.swift; sourceTree = "<group>"; };
		3D68D5402BBC7EF9001538EB /* FormFieldExtensions.swift */ = {isa = PBXFileReference; lastKnownFileType = sourcecode.swift; path = FormFieldExtensions.swift; sourceTree = "<group>"; };
		3D78626A2B9B92D300A9424C /* RealInsightsRepository.swift */ = {isa = PBXFileReference; lastKnownFileType = sourcecode.swift; path = RealInsightsRepository.swift; sourceTree = "<group>"; };
		3D78626C2B9B92F000A9424C /* RealInsightsRepositoryImpl.swift */ = {isa = PBXFileReference; lastKnownFileType = sourcecode.swift; path = RealInsightsRepositoryImpl.swift; sourceTree = "<group>"; };
		3D78626E2B9B930F00A9424C /* FetchRealInsightsUseCase.swift */ = {isa = PBXFileReference; lastKnownFileType = sourcecode.swift; path = FetchRealInsightsUseCase.swift; sourceTree = "<group>"; };
		3D7862742B9B98B700A9424C /* Container.swift */ = {isa = PBXFileReference; lastKnownFileType = sourcecode.swift; path = Container.swift; sourceTree = "<group>"; };
		3D7A4A1E2BBDC54200CC1C14 /* GetSuggestionsUseCase.swift */ = {isa = PBXFileReference; lastKnownFileType = sourcecode.swift; path = GetSuggestionsUseCase.swift; sourceTree = "<group>"; };
		3D7A4A202BBDC70000CC1C14 /* SuggestionsViewModel.swift */ = {isa = PBXFileReference; lastKnownFileType = sourcecode.swift; path = SuggestionsViewModel.swift; sourceTree = "<group>"; };
		3D7A4A222BBDC77E00CC1C14 /* SuggestionsView.swift */ = {isa = PBXFileReference; lastKnownFileType = sourcecode.swift; path = SuggestionsView.swift; sourceTree = "<group>"; };
		3D7A4A242BBDCD3C00CC1C14 /* FriendsViewModel.swift */ = {isa = PBXFileReference; lastKnownFileType = sourcecode.swift; path = FriendsViewModel.swift; sourceTree = "<group>"; };
		3D7A4A262BBDCDC900CC1C14 /* RequestsViewModel.swift */ = {isa = PBXFileReference; lastKnownFileType = sourcecode.swift; path = RequestsViewModel.swift; sourceTree = "<group>"; };
		3D7A4A282BBDD7A000CC1C14 /* FetchFriendsForUserUseCase.swift */ = {isa = PBXFileReference; lastKnownFileType = sourcecode.swift; path = FetchFriendsForUserUseCase.swift; sourceTree = "<group>"; };
		3D7A4A2A2BBDD82000CC1C14 /* FetchFollowerRequestsForUserUseCase.swift */ = {isa = PBXFileReference; lastKnownFileType = sourcecode.swift; path = FetchFollowerRequestsForUserUseCase.swift; sourceTree = "<group>"; };
		3D7A4A2C2BBDDA8100CC1C14 /* NoDataFoundView.swift */ = {isa = PBXFileReference; lastKnownFileType = sourcecode.swift; path = NoDataFoundView.swift; sourceTree = "<group>"; };
		3D8BAE2C2BB5E5010069D41D /* FetchOwnRealInsightsUseCase.swift */ = {isa = PBXFileReference; lastKnownFileType = sourcecode.swift; path = FetchOwnRealInsightsUseCase.swift; sourceTree = "<group>"; };
		3D8BAE2E2BB5E89F0069D41D /* ArrayExtensions.swift */ = {isa = PBXFileReference; lastKnownFileType = sourcecode.swift; path = ArrayExtensions.swift; sourceTree = "<group>"; };
		3D8CDF572B75764E00C6C1F3 /* FriendsView.swift */ = {isa = PBXFileReference; lastKnownFileType = sourcecode.swift; path = FriendsView.swift; sourceTree = "<group>"; };
		3D8DE6C62BB4A55E00814C35 /* EventBus.swift */ = {isa = PBXFileReference; lastKnownFileType = sourcecode.swift; path = EventBus.swift; sourceTree = "<group>"; };
		3D8DE6C82BB4A8C700814C35 /* BaseAuthViewModel.swift */ = {isa = PBXFileReference; lastKnownFileType = sourcecode.swift; path = BaseAuthViewModel.swift; sourceTree = "<group>"; };
		3D94873B2B924B03001C5676 /* ImagePicker.swift */ = {isa = PBXFileReference; lastKnownFileType = sourcecode.swift; path = ImagePicker.swift; sourceTree = "<group>"; };
		3D9487402B925E7C001C5676 /* CameraView.swift */ = {isa = PBXFileReference; lastKnownFileType = sourcecode.swift; path = CameraView.swift; sourceTree = "<group>"; };
		3D9487422B9269DD001C5676 /* CameraViewModel.swift */ = {isa = PBXFileReference; lastKnownFileType = sourcecode.swift; path = CameraViewModel.swift; sourceTree = "<group>"; };
		3D9A184C2B8FBBE5003D2447 /* Birthdate.swift */ = {isa = PBXFileReference; lastKnownFileType = sourcecode.swift; path = Birthdate.swift; sourceTree = "<group>"; };
		3D9A35B22B7182C2000F51AC /* TimeZoneView.swift */ = {isa = PBXFileReference; lastKnownFileType = sourcecode.swift; path = TimeZoneView.swift; sourceTree = "<group>"; };
		3D9A35B52B718B22000F51AC /* LeftMenu.swift */ = {isa = PBXFileReference; lastKnownFileType = sourcecode.swift; path = LeftMenu.swift; sourceTree = "<group>"; };
		3D9A35B72B718B4D000F51AC /* LeftMenuTopView.swift */ = {isa = PBXFileReference; lastKnownFileType = sourcecode.swift; path = LeftMenuTopView.swift; sourceTree = "<group>"; };
		3D9A35BB2B718BE9000F51AC /* SearchBar.swift */ = {isa = PBXFileReference; lastKnownFileType = sourcecode.swift; path = SearchBar.swift; sourceTree = "<group>"; };
		3D9D04E02B96425000DCC894 /* ViewExtensions.swift */ = {isa = PBXFileReference; lastKnownFileType = sourcecode.swift; path = ViewExtensions.swift; sourceTree = "<group>"; };
		3D9DE1E72B9333040033B173 /* FeedViewModel.swift */ = {isa = PBXFileReference; lastKnownFileType = sourcecode.swift; path = FeedViewModel.swift; sourceTree = "<group>"; };
		3D9DE1E92B9333B80033B173 /* RealInsight.swift */ = {isa = PBXFileReference; lastKnownFileType = sourcecode.swift; path = RealInsight.swift; sourceTree = "<group>"; };
		3D9DE1EB2B9338F40033B173 /* FeedCellViewModel.swift */ = {isa = PBXFileReference; lastKnownFileType = sourcecode.swift; path = FeedCellViewModel.swift; sourceTree = "<group>"; };
		3DA71E662BB43519005577DF /* BackgroundImage.swift */ = {isa = PBXFileReference; lastKnownFileType = sourcecode.swift; path = BackgroundImage.swift; sourceTree = "<group>"; };
		3DA71E682BB44547005577DF /* ValidateOTPView.swift */ = {isa = PBXFileReference; lastKnownFileType = sourcecode.swift; path = ValidateOTPView.swift; sourceTree = "<group>"; };
		3DA959DE2BB583BA00EB01EF /* IconCircleView.swift */ = {isa = PBXFileReference; lastKnownFileType = sourcecode.swift; path = IconCircleView.swift; sourceTree = "<group>"; };
		3DAE5C7C2B9102A30019787D /* User.swift */ = {isa = PBXFileReference; lastKnownFileType = sourcecode.swift; path = User.swift; sourceTree = "<group>"; };
		3DAE5C7E2B9104180019787D /* MainView.swift */ = {isa = PBXFileReference; lastKnownFileType = sourcecode.swift; path = MainView.swift; sourceTree = "<group>"; };
		3DC0E8622B9C717300C5AE60 /* OnboardingView.swift */ = {isa = PBXFileReference; lastKnownFileType = sourcecode.swift; path = OnboardingView.swift; sourceTree = "<group>"; };
		3DC0E8662B9C7B3A00C5AE60 /* Launch Screen.storyboard */ = {isa = PBXFileReference; lastKnownFileType = file.storyboard; path = "Launch Screen.storyboard"; sourceTree = "<group>"; };
		3DC0E8692B9C8B1200C5AE60 /* CreateAccountView.swift */ = {isa = PBXFileReference; lastKnownFileType = sourcecode.swift; path = CreateAccountView.swift; sourceTree = "<group>"; };
		3DC429982B9B9E3000C0548B /* AuthenticationRepository.swift */ = {isa = PBXFileReference; lastKnownFileType = sourcecode.swift; path = AuthenticationRepository.swift; sourceTree = "<group>"; };
		3DC4299A2B9B9E5600C0548B /* AuthenticationRepositoryImpl.swift */ = {isa = PBXFileReference; lastKnownFileType = sourcecode.swift; path = AuthenticationRepositoryImpl.swift; sourceTree = "<group>"; };
		3DC4299C2B9B9E6D00C0548B /* UserProfileRepository.swift */ = {isa = PBXFileReference; lastKnownFileType = sourcecode.swift; path = UserProfileRepository.swift; sourceTree = "<group>"; };
		3DC4299E2B9B9E8100C0548B /* UserProfileRepositoryImpl.swift */ = {isa = PBXFileReference; lastKnownFileType = sourcecode.swift; path = UserProfileRepositoryImpl.swift; sourceTree = "<group>"; };
		3DC429A02B9BA0FD00C0548B /* SendOtpUseCase.swift */ = {isa = PBXFileReference; lastKnownFileType = sourcecode.swift; path = SendOtpUseCase.swift; sourceTree = "<group>"; };
		3DC429A22B9BA11600C0548B /* SignInUseCase.swift */ = {isa = PBXFileReference; lastKnownFileType = sourcecode.swift; path = SignInUseCase.swift; sourceTree = "<group>"; };
		3DC429A42B9BA13200C0548B /* SignOutUseCase.swift */ = {isa = PBXFileReference; lastKnownFileType = sourcecode.swift; path = SignOutUseCase.swift; sourceTree = "<group>"; };
		3DC429A62B9BA14400C0548B /* VerifySessionUseCase.swift */ = {isa = PBXFileReference; lastKnownFileType = sourcecode.swift; path = VerifySessionUseCase.swift; sourceTree = "<group>"; };
		3DC429A82B9BA6C700C0548B /* UpdateUserUseCase.swift */ = {isa = PBXFileReference; lastKnownFileType = sourcecode.swift; path = UpdateUserUseCase.swift; sourceTree = "<group>"; };
		3DC429AA2B9BA9FC00C0548B /* EditProfileViewModel.swift */ = {isa = PBXFileReference; lastKnownFileType = sourcecode.swift; path = EditProfileViewModel.swift; sourceTree = "<group>"; };
		3DD405172B7BF1F600C39D5C /* RequestsView.swift */ = {isa = PBXFileReference; lastKnownFileType = sourcecode.swift; path = RequestsView.swift; sourceTree = "<group>"; };
		3DD405192B7BFBA800C39D5C /* OtherView.swift */ = {isa = PBXFileReference; lastKnownFileType = sourcecode.swift; path = OtherView.swift; sourceTree = "<group>"; };
		3DD4051B2B7BFE9400C39D5C /* HelpView.swift */ = {isa = PBXFileReference; lastKnownFileType = sourcecode.swift; path = HelpView.swift; sourceTree = "<group>"; };
		3DD4051D2B7BFF5300C39D5C /* ChevronButtonView.swift */ = {isa = PBXFileReference; lastKnownFileType = sourcecode.swift; path = ChevronButtonView.swift; sourceTree = "<group>"; };
		3DD4051F2B7C00CE00C39D5C /* ContactUsView.swift */ = {isa = PBXFileReference; lastKnownFileType = sourcecode.swift; path = ContactUsView.swift; sourceTree = "<group>"; };
		3DD405212B7C027300C39D5C /* MemoriesView.swift */ = {isa = PBXFileReference; lastKnownFileType = sourcecode.swift; path = MemoriesView.swift; sourceTree = "<group>"; };
		3DD405232B7C0A5B00C39D5C /* NotificationsView.swift */ = {isa = PBXFileReference; lastKnownFileType = sourcecode.swift; path = NotificationsView.swift; sourceTree = "<group>"; };
		3DD405262B7C0E8C00C39D5C /* NotificationsButtonView.swift */ = {isa = PBXFileReference; lastKnownFileType = sourcecode.swift; path = NotificationsButtonView.swift; sourceTree = "<group>"; };
		3DD405282B7C134600C39D5C /* WhiteButtonView.swift */ = {isa = PBXFileReference; lastKnownFileType = sourcecode.swift; path = WhiteButtonView.swift; sourceTree = "<group>"; };
		3DE5E1232B9CE0B000EA85DF /* AuthenticationDataSource.swift */ = {isa = PBXFileReference; lastKnownFileType = sourcecode.swift; path = AuthenticationDataSource.swift; sourceTree = "<group>"; };
		3DE5E1262B9CE10D00EA85DF /* FirebaseAuthenticationDataSourceImpl.swift */ = {isa = PBXFileReference; lastKnownFileType = sourcecode.swift; path = FirebaseAuthenticationDataSourceImpl.swift; sourceTree = "<group>"; };
		3DE5E1282B9CE33D00EA85DF /* StorageFilesDataSource.swift */ = {isa = PBXFileReference; lastKnownFileType = sourcecode.swift; path = StorageFilesDataSource.swift; sourceTree = "<group>"; };
		3DE5E12A2B9CE37500EA85DF /* FirestoreStorageFilesDataSourceImpl.swift */ = {isa = PBXFileReference; lastKnownFileType = sourcecode.swift; path = FirestoreStorageFilesDataSourceImpl.swift; sourceTree = "<group>"; };
		3DE5E12C2B9CE3D800EA85DF /* RealInsightsDataSource.swift */ = {isa = PBXFileReference; lastKnownFileType = sourcecode.swift; path = RealInsightsDataSource.swift; sourceTree = "<group>"; };
		3DE5E12F2B9CE41D00EA85DF /* RealInsightDTO.swift */ = {isa = PBXFileReference; lastKnownFileType = sourcecode.swift; path = RealInsightDTO.swift; sourceTree = "<group>"; };
		3DE5E1312B9CE45D00EA85DF /* FirestoreRealInsightsDataSourceImpl.swift */ = {isa = PBXFileReference; lastKnownFileType = sourcecode.swift; path = FirestoreRealInsightsDataSourceImpl.swift; sourceTree = "<group>"; };
		3DE5E1332B9CE50300EA85DF /* UserDataSource.swift */ = {isa = PBXFileReference; lastKnownFileType = sourcecode.swift; path = UserDataSource.swift; sourceTree = "<group>"; };
		3DE5E1352B9CE56D00EA85DF /* UpdateUserDTO.swift */ = {isa = PBXFileReference; lastKnownFileType = sourcecode.swift; path = UpdateUserDTO.swift; sourceTree = "<group>"; };
		3DE5E1372B9CE5DB00EA85DF /* UserDTO.swift */ = {isa = PBXFileReference; lastKnownFileType = sourcecode.swift; path = UserDTO.swift; sourceTree = "<group>"; };
		3DE5E1392B9CE60B00EA85DF /* FirestoreUserDataSourceImpl.swift */ = {isa = PBXFileReference; lastKnownFileType = sourcecode.swift; path = FirestoreUserDataSourceImpl.swift; sourceTree = "<group>"; };
		3DE5E13C2B9CEC1B00EA85DF /* Mapper.swift */ = {isa = PBXFileReference; lastKnownFileType = sourcecode.swift; path = Mapper.swift; sourceTree = "<group>"; };
		3DE5E13F2B9CEC3200EA85DF /* UserMapper.swift */ = {isa = PBXFileReference; lastKnownFileType = sourcecode.swift; path = UserMapper.swift; sourceTree = "<group>"; };
		3DE5E1412B9CEEFB00EA85DF /* RealInsightMapper.swift */ = {isa = PBXFileReference; lastKnownFileType = sourcecode.swift; path = RealInsightMapper.swift; sourceTree = "<group>"; };
		3DEF786D2B8D01680081AFD9 /* EnterNameView.swift */ = {isa = PBXFileReference; lastKnownFileType = sourcecode.swift; path = EnterNameView.swift; sourceTree = "<group>"; };
		3DEF786F2B8D05980081AFD9 /* EnterAgeView.swift */ = {isa = PBXFileReference; lastKnownFileType = sourcecode.swift; path = EnterAgeView.swift; sourceTree = "<group>"; };
		3DEF78742B8D0DE10081AFD9 /* countries.json */ = {isa = PBXFileReference; lastKnownFileType = text.json; path = countries.json; sourceTree = "<group>"; };
		3DEF78762B8D0E030081AFD9 /* Country.swift */ = {isa = PBXFileReference; lastKnownFileType = sourcecode.swift; path = Country.swift; sourceTree = "<group>"; };
		3DEF78782B8D10CB0081AFD9 /* SelectCountryView.swift */ = {isa = PBXFileReference; lastKnownFileType = sourcecode.swift; path = SelectCountryView.swift; sourceTree = "<group>"; };
		3DEF787B2B8D144F0081AFD9 /* EnterPhoneNumberView.swift */ = {isa = PBXFileReference; lastKnownFileType = sourcecode.swift; path = EnterPhoneNumberView.swift; sourceTree = "<group>"; };
		3DEF787D2B8D1B2E0081AFD9 /* EnterCodeView.swift */ = {isa = PBXFileReference; lastKnownFileType = sourcecode.swift; path = EnterCodeView.swift; sourceTree = "<group>"; };
		3DF6E9F62B6FABAA00CE0D95 /* RealInsight.app */ = {isa = PBXFileReference; explicitFileType = wrapper.application; includeInIndex = 0; path = RealInsight.app; sourceTree = BUILT_PRODUCTS_DIR; };
		3DF6E9F92B6FABAA00CE0D95 /* RealInsightApp.swift */ = {isa = PBXFileReference; lastKnownFileType = sourcecode.swift; path = RealInsightApp.swift; sourceTree = "<group>"; };
		3DF6E9FB2B6FABAA00CE0D95 /* HomeView.swift */ = {isa = PBXFileReference; lastKnownFileType = sourcecode.swift; path = HomeView.swift; sourceTree = "<group>"; };
		3DF6E9FD2B6FABAC00CE0D95 /* Assets.xcassets */ = {isa = PBXFileReference; lastKnownFileType = folder.assetcatalog; path = Assets.xcassets; sourceTree = "<group>"; };
		3DF6EA002B6FABAC00CE0D95 /* Preview Assets.xcassets */ = {isa = PBXFileReference; lastKnownFileType = folder.assetcatalog; path = "Preview Assets.xcassets"; sourceTree = "<group>"; };
		3DF6EA072B6FABE900CE0D95 /* FeedView.swift */ = {isa = PBXFileReference; lastKnownFileType = sourcecode.swift; path = FeedView.swift; sourceTree = "<group>"; };
		3DF6EA092B6FAD9700CE0D95 /* FeedCellView.swift */ = {isa = PBXFileReference; lastKnownFileType = sourcecode.swift; path = FeedCellView.swift; sourceTree = "<group>"; };
		3DF6EA0D2B6FB49500CE0D95 /* ThreeDots.swift */ = {isa = PBXFileReference; lastKnownFileType = sourcecode.swift; path = ThreeDots.swift; sourceTree = "<group>"; };
		3DF6EA0F2B6FB6FF00CE0D95 /* ProfileView.swift */ = {isa = PBXFileReference; lastKnownFileType = sourcecode.swift; path = ProfileView.swift; sourceTree = "<group>"; };
		3DF6EA112B6FB9BE00CE0D95 /* MemoryView.swift */ = {isa = PBXFileReference; lastKnownFileType = sourcecode.swift; path = MemoryView.swift; sourceTree = "<group>"; };
		3DFEB7642B9C8C70000E0D11 /* CreateAccountViewModel.swift */ = {isa = PBXFileReference; lastKnownFileType = sourcecode.swift; path = CreateAccountViewModel.swift; sourceTree = "<group>"; };
		3DFEB7662B9C8FAD000E0D11 /* BaseViewModel.swift */ = {isa = PBXFileReference; lastKnownFileType = sourcecode.swift; path = BaseViewModel.swift; sourceTree = "<group>"; };
		3DFEB7682B9C9491000E0D11 /* AccountCreatedView.swift */ = {isa = PBXFileReference; lastKnownFileType = sourcecode.swift; path = AccountCreatedView.swift; sourceTree = "<group>"; };
		3DFEB76A2B9C97DD000E0D11 /* MainViewModel.swift */ = {isa = PBXFileReference; lastKnownFileType = sourcecode.swift; path = MainViewModel.swift; sourceTree = "<group>"; };
		3DFEB76D2B9C9EF7000E0D11 /* TopBarView.swift */ = {isa = PBXFileReference; lastKnownFileType = sourcecode.swift; path = TopBarView.swift; sourceTree = "<group>"; };
		3DFEB76F2B9CA133000E0D11 /* AuthenticationView.swift */ = {isa = PBXFileReference; lastKnownFileType = sourcecode.swift; path = AuthenticationView.swift; sourceTree = "<group>"; };
		3DFEB7712B9CA1C0000E0D11 /* AuthenticationViewModel.swift */ = {isa = PBXFileReference; lastKnownFileType = sourcecode.swift; path = AuthenticationViewModel.swift; sourceTree = "<group>"; };
		3DFEB7732B9CA2DB000E0D11 /* AgreementTextView.swift */ = {isa = PBXFileReference; lastKnownFileType = sourcecode.swift; path = AgreementTextView.swift; sourceTree = "<group>"; };
		3DFEB7752B9CA2FF000E0D11 /* PhoneNumberInputView.swift */ = {isa = PBXFileReference; lastKnownFileType = sourcecode.swift; path = PhoneNumberInputView.swift; sourceTree = "<group>"; };
/* End PBXFileReference section */

/* Begin PBXFrameworksBuildPhase section */
		3DF6E9F32B6FABAA00CE0D95 /* Frameworks */ = {
			isa = PBXFrameworksBuildPhase;
			buildActionMask = 2147483647;
			files = (
				3D94873F2B9254A0001C5676 /* Kingfisher in Frameworks */,
				3D19983B2B8FC8DA009B020A /* FirebaseAuth in Frameworks */,
				3D7862722B9B96FD00A9424C /* Factory in Frameworks */,
				3D1998412B8FC8DB009B020A /* FirebaseStorage in Frameworks */,
				3D1998432B8FC8DB009B020A /* FirebaseStorageCombine-Community in Frameworks */,
				3D19983D2B8FC8DB009B020A /* FirebaseFirestore in Frameworks */,
				3D19983F2B8FC8DB009B020A /* FirebaseFirestoreSwift in Frameworks */,
			);
			runOnlyForDeploymentPostprocessing = 0;
		};
/* End PBXFrameworksBuildPhase section */

/* Begin PBXGroup section */
		3D2256E02BB1FBB300F87A4B /* Core */ = {
			isa = PBXGroup;
			children = (
				3D8DE6C62BB4A55E00814C35 /* EventBus.swift */,
				3DFEB7662B9C8FAD000E0D11 /* BaseViewModel.swift */,
				3D2256E12BB1FBC500F87A4B /* BaseUserViewModel.swift */,
				3D8DE6C82BB4A8C700814C35 /* BaseAuthViewModel.swift */,
			);
			path = Core;
			sourceTree = "<group>";
		};
		3D33CFF22B7164C60053C59F /* Extensions */ = {
			isa = PBXGroup;
			children = (
				3D33CFF32B7164D90053C59F /* Extensions.swift */,
				3D94873B2B924B03001C5676 /* ImagePicker.swift */,
				3D9D04E02B96425000DCC894 /* ViewExtensions.swift */,
				3D67564C2B97B7CC006DD1BE /* DateExtensions.swift */,
				3D8BAE2E2BB5E89F0069D41D /* ArrayExtensions.swift */,
				3D09A64F2BB6E6DB000C54A1 /* StringExtensions.swift */,
				3D68D5402BBC7EF9001538EB /* FormFieldExtensions.swift */,
			);
			path = Extensions;
			sourceTree = "<group>";
		};
		3D5387532BB03C0B00E69294 /* Extensions */ = {
			isa = PBXGroup;
			children = (
				3D5387582BB0415200E69294 /* UpdateUserDTO+Dictionary.swift */,
				3D53875C2BB0419200E69294 /* CreateUserDTO+Dictionary.swift */,
			);
			path = Extensions;
			sourceTree = "<group>";
		};
		3D7862682B9B92A200A9424C /* Repositories */ = {
			isa = PBXGroup;
			children = (
				3DC429972B9B9E0C00C0548B /* Impl */,
				3D78626A2B9B92D300A9424C /* RealInsightsRepository.swift */,
				3DC429982B9B9E3000C0548B /* AuthenticationRepository.swift */,
				3DC4299C2B9B9E6D00C0548B /* UserProfileRepository.swift */,
			);
			path = Repositories;
			sourceTree = "<group>";
		};
		3D7862692B9B92AE00A9424C /* UseCases */ = {
			isa = PBXGroup;
			children = (
				3D78626E2B9B930F00A9424C /* FetchRealInsightsUseCase.swift */,
				3DC429A02B9BA0FD00C0548B /* SendOtpUseCase.swift */,
				3DC429A22B9BA11600C0548B /* SignInUseCase.swift */,
				3DC429A42B9BA13200C0548B /* SignOutUseCase.swift */,
				3DC429A62B9BA14400C0548B /* VerifySessionUseCase.swift */,
				3DC429A82B9BA6C700C0548B /* UpdateUserUseCase.swift */,
				3D5387512BB031CD00E69294 /* PostRealInsightUseCase.swift */,
				3D53875E2BB0446300E69294 /* SignUpUseCase.swift */,
				3D2256DA2BB1EED500F87A4B /* GetCurrentUserUseCase.swift */,
				3D8BAE2C2BB5E5010069D41D /* FetchOwnRealInsightsUseCase.swift */,
				3D09A64D2BB6D48E000C54A1 /* VerifyUsernameAvailabilityUseCase.swift */,
				3D7A4A1E2BBDC54200CC1C14 /* GetSuggestionsUseCase.swift */,
				3D7A4A282BBDD7A000CC1C14 /* FetchFriendsForUserUseCase.swift */,
				3D7A4A2A2BBDD82000CC1C14 /* FetchFollowerRequestsForUserUseCase.swift */,
			);
			path = UseCases;
			sourceTree = "<group>";
		};
		3D7862732B9B98A300A9424C /* DI */ = {
			isa = PBXGroup;
			children = (
				3D7862742B9B98B700A9424C /* Container.swift */,
			);
			path = DI;
			sourceTree = "<group>";
		};
		3D9487442B926E4B001C5676 /* Model */ = {
			isa = PBXGroup;
			children = (
				3DEF78762B8D0E030081AFD9 /* Country.swift */,
				3D9A184C2B8FBBE5003D2447 /* Birthdate.swift */,
				3DAE5C7C2B9102A30019787D /* User.swift */,
				3D9DE1E92B9333B80033B173 /* RealInsight.swift */,
				3D68D53E2BBC7B81001538EB /* FormField.swift */,
			);
			path = Model;
			sourceTree = "<group>";
		};
		3D9487452B926E6A001C5676 /* ViewModel */ = {
			isa = PBXGroup;
			children = (
				3D2256E02BB1FBB300F87A4B /* Core */,
				3D9487422B9269DD001C5676 /* CameraViewModel.swift */,
				3D9DE1E72B9333040033B173 /* FeedViewModel.swift */,
				3D9DE1EB2B9338F40033B173 /* FeedCellViewModel.swift */,
				3DC429AA2B9BA9FC00C0548B /* EditProfileViewModel.swift */,
				3DFEB7642B9C8C70000E0D11 /* CreateAccountViewModel.swift */,
				3DFEB76A2B9C97DD000E0D11 /* MainViewModel.swift */,
				3DFEB7712B9CA1C0000E0D11 /* AuthenticationViewModel.swift */,
				3D2256DC2BB1F6E000F87A4B /* SettingsViewModel.swift */,
				3D2256DE2BB1F91500F87A4B /* ProfileViewModel.swift */,
				3D22D5262BB59AB70033E8F4 /* HomeViewModel.swift */,
				3D22D5282BB59E420033E8F4 /* LeftMenuViewModel.swift */,
				3D7A4A202BBDC70000CC1C14 /* SuggestionsViewModel.swift */,
				3D7A4A242BBDCD3C00CC1C14 /* FriendsViewModel.swift */,
				3D7A4A262BBDCDC900CC1C14 /* RequestsViewModel.swift */,
			);
			path = ViewModel;
			sourceTree = "<group>";
		};
		3D9487462B926F3A001C5676 /* Feed */ = {
			isa = PBXGroup;
			children = (
				3DF6EA072B6FABE900CE0D95 /* FeedView.swift */,
				3DF6EA092B6FAD9700CE0D95 /* FeedCellView.swift */,
			);
			path = Feed;
			sourceTree = "<group>";
		};
		3D9487472B926FF5001C5676 /* View */ = {
			isa = PBXGroup;
			children = (
				3DFEB76C2B9C9B1A000E0D11 /* Components */,
				3DC0E8682B9C8A8800C5AE60 /* CreateAccount */,
				3D9A35B42B718B09000F51AC /* LeftMenu */,
				3DF6E9FB2B6FABAA00CE0D95 /* HomeView.swift */,
				3D9487462B926F3A001C5676 /* Feed */,
				3DF6EA0F2B6FB6FF00CE0D95 /* ProfileView.swift */,
				3DD405252B7C0C0900C39D5C /* Settings */,
				3DEF787A2B8D14270081AFD9 /* Authentication */,
				3DAE5C7E2B9104180019787D /* MainView.swift */,
				3D4066F82B911B2D00785E5E /* LoadingView.swift */,
				3D9487402B925E7C001C5676 /* CameraView.swift */,
				3DEF78782B8D10CB0081AFD9 /* SelectCountryView.swift */,
				3DC0E8622B9C717300C5AE60 /* OnboardingView.swift */,
			);
			path = View;
			sourceTree = "<group>";
		};
		3D9A35B42B718B09000F51AC /* LeftMenu */ = {
			isa = PBXGroup;
			children = (
				3D9A35B52B718B22000F51AC /* LeftMenu.swift */,
				3D9A35B72B718B4D000F51AC /* LeftMenuTopView.swift */,
				3D8CDF572B75764E00C6C1F3 /* FriendsView.swift */,
				3DD405172B7BF1F600C39D5C /* RequestsView.swift */,
				3D7A4A222BBDC77E00CC1C14 /* SuggestionsView.swift */,
			);
			path = LeftMenu;
			sourceTree = "<group>";
		};
		3DC0E8682B9C8A8800C5AE60 /* CreateAccount */ = {
			isa = PBXGroup;
			children = (
				3DEF786D2B8D01680081AFD9 /* EnterNameView.swift */,
				3DEF786F2B8D05980081AFD9 /* EnterAgeView.swift */,
				3DEF787B2B8D144F0081AFD9 /* EnterPhoneNumberView.swift */,
				3DC0E8692B9C8B1200C5AE60 /* CreateAccountView.swift */,
				3DFEB7682B9C9491000E0D11 /* AccountCreatedView.swift */,
				3DA71E682BB44547005577DF /* ValidateOTPView.swift */,
			);
			path = CreateAccount;
			sourceTree = "<group>";
		};
		3DC429972B9B9E0C00C0548B /* Impl */ = {
			isa = PBXGroup;
			children = (
				3D78626C2B9B92F000A9424C /* RealInsightsRepositoryImpl.swift */,
				3DC4299A2B9B9E5600C0548B /* AuthenticationRepositoryImpl.swift */,
				3DC4299E2B9B9E8100C0548B /* UserProfileRepositoryImpl.swift */,
			);
			path = Impl;
			sourceTree = "<group>";
		};
		3DD405252B7C0C0900C39D5C /* Settings */ = {
			isa = PBXGroup;
			children = (
				3D33CFEE2B7159100053C59F /* SettingsView.swift */,
				3D33CFF02B7161E40053C59F /* EditProfileView.swift */,
				3D9A35B22B7182C2000F51AC /* TimeZoneView.swift */,
				3DD405192B7BFBA800C39D5C /* OtherView.swift */,
				3DD4051B2B7BFE9400C39D5C /* HelpView.swift */,
				3DD4051F2B7C00CE00C39D5C /* ContactUsView.swift */,
				3DD405212B7C027300C39D5C /* MemoriesView.swift */,
				3DD405232B7C0A5B00C39D5C /* NotificationsView.swift */,
			);
			path = Settings;
			sourceTree = "<group>";
		};
		3DE5E1222B9CE07900EA85DF /* DataSources */ = {
			isa = PBXGroup;
			children = (
				3D5387532BB03C0B00E69294 /* Extensions */,
				3DE5E12E2B9CE40C00EA85DF /* DTO */,
				3DE5E1252B9CE0F500EA85DF /* Impl */,
				3DE5E1232B9CE0B000EA85DF /* AuthenticationDataSource.swift */,
				3DE5E1282B9CE33D00EA85DF /* StorageFilesDataSource.swift */,
				3DE5E12C2B9CE3D800EA85DF /* RealInsightsDataSource.swift */,
				3DE5E1332B9CE50300EA85DF /* UserDataSource.swift */,
			);
			path = DataSources;
			sourceTree = "<group>";
		};
		3DE5E1252B9CE0F500EA85DF /* Impl */ = {
			isa = PBXGroup;
			children = (
				3DE5E1262B9CE10D00EA85DF /* FirebaseAuthenticationDataSourceImpl.swift */,
				3DE5E12A2B9CE37500EA85DF /* FirestoreStorageFilesDataSourceImpl.swift */,
				3DE5E1312B9CE45D00EA85DF /* FirestoreRealInsightsDataSourceImpl.swift */,
				3DE5E1392B9CE60B00EA85DF /* FirestoreUserDataSourceImpl.swift */,
			);
			path = Impl;
			sourceTree = "<group>";
		};
		3DE5E12E2B9CE40C00EA85DF /* DTO */ = {
			isa = PBXGroup;
			children = (
				3DE5E12F2B9CE41D00EA85DF /* RealInsightDTO.swift */,
				3DE5E1352B9CE56D00EA85DF /* UpdateUserDTO.swift */,
				3DE5E1372B9CE5DB00EA85DF /* UserDTO.swift */,
				3D5387562BB0409B00E69294 /* CreateUserDTO.swift */,
			);
			path = DTO;
			sourceTree = "<group>";
		};
		3DE5E13B2B9CEBFB00EA85DF /* Mapper */ = {
			isa = PBXGroup;
			children = (
				3DE5E13E2B9CEC2800EA85DF /* Impl */,
				3DE5E13C2B9CEC1B00EA85DF /* Mapper.swift */,
			);
			path = Mapper;
			sourceTree = "<group>";
		};
		3DE5E13E2B9CEC2800EA85DF /* Impl */ = {
			isa = PBXGroup;
			children = (
				3DE5E13F2B9CEC3200EA85DF /* UserMapper.swift */,
				3DE5E1412B9CEEFB00EA85DF /* RealInsightMapper.swift */,
			);
			path = Impl;
			sourceTree = "<group>";
		};
		3DEF787A2B8D14270081AFD9 /* Authentication */ = {
			isa = PBXGroup;
			children = (
				3DFEB76F2B9CA133000E0D11 /* AuthenticationView.swift */,
			);
			path = Authentication;
			sourceTree = "<group>";
		};
		3DF6E9ED2B6FABAA00CE0D95 = {
			isa = PBXGroup;
			children = (
				3DF6E9F82B6FABAA00CE0D95 /* RealInsight */,
				3DF6E9F72B6FABAA00CE0D95 /* Products */,
			);
			sourceTree = "<group>";
		};
		3DF6E9F72B6FABAA00CE0D95 /* Products */ = {
			isa = PBXGroup;
			children = (
				3DF6E9F62B6FABAA00CE0D95 /* RealInsight.app */,
			);
			name = Products;
			sourceTree = "<group>";
		};
		3DF6E9F82B6FABAA00CE0D95 /* RealInsight */ = {
			isa = PBXGroup;
			children = (
				3D1998462B8FD104009B020A /* Info.plist */,
				3D1998442B8FC970009B020A /* GoogleService-Info.plist */,
				3D9487472B926FF5001C5676 /* View */,
				3D33CFF22B7164C60053C59F /* Extensions */,
				3DF6E9F92B6FABAA00CE0D95 /* RealInsightApp.swift */,
				3DF6E9FD2B6FABAC00CE0D95 /* Assets.xcassets */,
				3DF6E9FF2B6FABAC00CE0D95 /* Preview Content */,
				3DEF78742B8D0DE10081AFD9 /* countries.json */,
				3D9487442B926E4B001C5676 /* Model */,
				3DE5E13B2B9CEBFB00EA85DF /* Mapper */,
				3DE5E1222B9CE07900EA85DF /* DataSources */,
				3D7862682B9B92A200A9424C /* Repositories */,
				3D7862692B9B92AE00A9424C /* UseCases */,
				3D7862732B9B98A300A9424C /* DI */,
				3D9487452B926E6A001C5676 /* ViewModel */,
				3DC0E8662B9C7B3A00C5AE60 /* Launch Screen.storyboard */,
			);
			path = RealInsight;
			sourceTree = "<group>";
		};
		3DF6E9FF2B6FABAC00CE0D95 /* Preview Content */ = {
			isa = PBXGroup;
			children = (
				3DF6EA002B6FABAC00CE0D95 /* Preview Assets.xcassets */,
			);
			path = "Preview Content";
			sourceTree = "<group>";
		};
		3DFEB76C2B9C9B1A000E0D11 /* Components */ = {
			isa = PBXGroup;
			children = (
				3DEF787D2B8D1B2E0081AFD9 /* EnterCodeView.swift */,
				3DF6EA112B6FB9BE00CE0D95 /* MemoryView.swift */,
				3DD405262B7C0E8C00C39D5C /* NotificationsButtonView.swift */,
				3DD4051D2B7BFF5300C39D5C /* ChevronButtonView.swift */,
				3DF6EA0D2B6FB49500CE0D95 /* ThreeDots.swift */,
				3D9A35BB2B718BE9000F51AC /* SearchBar.swift */,
				3DD405282B7C134600C39D5C /* WhiteButtonView.swift */,
				3D33CAAA2B979DDD001721A2 /* ProfileImageView.swift */,
				3D33CAAC2B97A6E2001721A2 /* TabBarMenuView.swift */,
				3D33CAAE2B97AE34001721A2 /* InviteFriendsView.swift */,
				3DFEB76D2B9C9EF7000E0D11 /* TopBarView.swift */,
				3DFEB7732B9CA2DB000E0D11 /* AgreementTextView.swift */,
				3DFEB7752B9CA2FF000E0D11 /* PhoneNumberInputView.swift */,
				3DA71E662BB43519005577DF /* BackgroundImage.swift */,
				3DA959DE2BB583BA00EB01EF /* IconCircleView.swift */,
				3D09A64B2BB6CC51000C54A1 /* ExplanationText.swift */,
				3D7A4A2C2BBDDA8100CC1C14 /* NoDataFoundView.swift */,
			);
			path = Components;
			sourceTree = "<group>";
		};
/* End PBXGroup section */

/* Begin PBXNativeTarget section */
		3DF6E9F52B6FABAA00CE0D95 /* RealInsight */ = {
			isa = PBXNativeTarget;
			buildConfigurationList = 3DF6EA042B6FABAC00CE0D95 /* Build configuration list for PBXNativeTarget "RealInsight" */;
			buildPhases = (
				3DF6E9F22B6FABAA00CE0D95 /* Sources */,
				3DF6E9F32B6FABAA00CE0D95 /* Frameworks */,
				3DF6E9F42B6FABAA00CE0D95 /* Resources */,
			);
			buildRules = (
			);
			dependencies = (
			);
			name = RealInsight;
			packageProductDependencies = (
				3D19983A2B8FC8DA009B020A /* FirebaseAuth */,
				3D19983C2B8FC8DA009B020A /* FirebaseFirestore */,
				3D19983E2B8FC8DB009B020A /* FirebaseFirestoreSwift */,
				3D1998402B8FC8DB009B020A /* FirebaseStorage */,
				3D1998422B8FC8DB009B020A /* FirebaseStorageCombine-Community */,
				3D94873E2B9254A0001C5676 /* Kingfisher */,
				3D7862712B9B96FD00A9424C /* Factory */,
			);
			productName = RealInsight;
			productReference = 3DF6E9F62B6FABAA00CE0D95 /* RealInsight.app */;
			productType = "com.apple.product-type.application";
		};
/* End PBXNativeTarget section */

/* Begin PBXProject section */
		3DF6E9EE2B6FABAA00CE0D95 /* Project object */ = {
			isa = PBXProject;
			attributes = {
				BuildIndependentTargetsInParallel = 1;
				LastSwiftUpdateCheck = 1430;
				LastUpgradeCheck = 1430;
				TargetAttributes = {
					3DF6E9F52B6FABAA00CE0D95 = {
						CreatedOnToolsVersion = 14.3.1;
					};
				};
			};
			buildConfigurationList = 3DF6E9F12B6FABAA00CE0D95 /* Build configuration list for PBXProject "RealInsight" */;
			compatibilityVersion = "Xcode 14.0";
			developmentRegion = en;
			hasScannedForEncodings = 0;
			knownRegions = (
				en,
				Base,
			);
			mainGroup = 3DF6E9ED2B6FABAA00CE0D95;
			packageReferences = (
				3D1998392B8FC8DA009B020A /* XCRemoteSwiftPackageReference "firebase-ios-sdk" */,
				3D94873D2B92549F001C5676 /* XCRemoteSwiftPackageReference "Kingfisher" */,
				3D7862702B9B96FD00A9424C /* XCRemoteSwiftPackageReference "Factory" */,
			);
			productRefGroup = 3DF6E9F72B6FABAA00CE0D95 /* Products */;
			projectDirPath = "";
			projectRoot = "";
			targets = (
				3DF6E9F52B6FABAA00CE0D95 /* RealInsight */,
			);
		};
/* End PBXProject section */

/* Begin PBXResourcesBuildPhase section */
		3DF6E9F42B6FABAA00CE0D95 /* Resources */ = {
			isa = PBXResourcesBuildPhase;
			buildActionMask = 2147483647;
			files = (
				3DEF78752B8D0DE10081AFD9 /* countries.json in Resources */,
				3D1998452B8FC970009B020A /* GoogleService-Info.plist in Resources */,
				3DF6EA012B6FABAC00CE0D95 /* Preview Assets.xcassets in Resources */,
				3DC0E8672B9C7B3A00C5AE60 /* Launch Screen.storyboard in Resources */,
				3DF6E9FE2B6FABAC00CE0D95 /* Assets.xcassets in Resources */,
			);
			runOnlyForDeploymentPostprocessing = 0;
		};
/* End PBXResourcesBuildPhase section */

/* Begin PBXSourcesBuildPhase section */
		3DF6E9F22B6FABAA00CE0D95 /* Sources */ = {
			isa = PBXSourcesBuildPhase;
			buildActionMask = 2147483647;
			files = (
				3DC0E86A2B9C8B1200C5AE60 /* CreateAccountView.swift in Sources */,
				3D09A64E2BB6D48E000C54A1 /* VerifyUsernameAvailabilityUseCase.swift in Sources */,
				3D53875F2BB0446300E69294 /* SignUpUseCase.swift in Sources */,
				3DF6EA122B6FB9BE00CE0D95 /* MemoryView.swift in Sources */,
				3D9DE1EA2B9333B80033B173 /* RealInsight.swift in Sources */,
				3D7A4A232BBDC77E00CC1C14 /* SuggestionsView.swift in Sources */,
				3DE5E12D2B9CE3D800EA85DF /* RealInsightsDataSource.swift in Sources */,
				3D2256E22BB1FBC500F87A4B /* BaseUserViewModel.swift in Sources */,
				3DD405272B7C0E8C00C39D5C /* NotificationsButtonView.swift in Sources */,
				3DE5E1402B9CEC3200EA85DF /* UserMapper.swift in Sources */,
				3D8BAE2D2BB5E5010069D41D /* FetchOwnRealInsightsUseCase.swift in Sources */,
				3DA71E672BB4351A005577DF /* BackgroundImage.swift in Sources */,
				3DEF78702B8D05980081AFD9 /* EnterAgeView.swift in Sources */,
				3DFEB7762B9CA2FF000E0D11 /* PhoneNumberInputView.swift in Sources */,
				3DF6E9FC2B6FABAA00CE0D95 /* HomeView.swift in Sources */,
				3DC429A72B9BA14500C0548B /* VerifySessionUseCase.swift in Sources */,
				3DC4299B2B9B9E5600C0548B /* AuthenticationRepositoryImpl.swift in Sources */,
				3D2256DB2BB1EED500F87A4B /* GetCurrentUserUseCase.swift in Sources */,
				3D8BAE2F2BB5E89F0069D41D /* ArrayExtensions.swift in Sources */,
				3DC4299D2B9B9E6D00C0548B /* UserProfileRepository.swift in Sources */,
				3D33CFEF2B7159100053C59F /* SettingsView.swift in Sources */,
				3D33CAAB2B979DDD001721A2 /* ProfileImageView.swift in Sources */,
				3DAE5C7F2B9104180019787D /* MainView.swift in Sources */,
				3DE5E12B2B9CE37500EA85DF /* FirestoreStorageFilesDataSourceImpl.swift in Sources */,
				3D9A35B32B7182C2000F51AC /* TimeZoneView.swift in Sources */,
				3DF6EA102B6FB6FF00CE0D95 /* ProfileView.swift in Sources */,
				3DE5E1302B9CE41D00EA85DF /* RealInsightDTO.swift in Sources */,
				3DFEB7702B9CA133000E0D11 /* AuthenticationView.swift in Sources */,
				3D9A35B82B718B4D000F51AC /* LeftMenuTopView.swift in Sources */,
				3DE5E1342B9CE50300EA85DF /* UserDataSource.swift in Sources */,
				3D67564D2B97B7CC006DD1BE /* DateExtensions.swift in Sources */,
				3D9D04E12B96425000DCC894 /* ViewExtensions.swift in Sources */,
				3D7A4A272BBDCDC900CC1C14 /* RequestsViewModel.swift in Sources */,
				3D09A64C2BB6CC51000C54A1 /* ExplanationText.swift in Sources */,
				3DE5E1242B9CE0B000EA85DF /* AuthenticationDataSource.swift in Sources */,
				3D5387572BB0409B00E69294 /* CreateUserDTO.swift in Sources */,
				3D33CAAF2B97AE34001721A2 /* InviteFriendsView.swift in Sources */,
				3DFEB7692B9C9491000E0D11 /* AccountCreatedView.swift in Sources */,
				3D68D5412BBC7EF9001538EB /* FormFieldExtensions.swift in Sources */,
				3D4066F92B911B2D00785E5E /* LoadingView.swift in Sources */,
				3D9A35B62B718B22000F51AC /* LeftMenu.swift in Sources */,
				3D8CDF582B75764E00C6C1F3 /* FriendsView.swift in Sources */,
				3DE5E1362B9CE56D00EA85DF /* UpdateUserDTO.swift in Sources */,
				3DD4051C2B7BFE9500C39D5C /* HelpView.swift in Sources */,
				3D9487412B925E7C001C5676 /* CameraView.swift in Sources */,
				3DC429AB2B9BA9FC00C0548B /* EditProfileViewModel.swift in Sources */,
				3D2256DF2BB1F91500F87A4B /* ProfileViewModel.swift in Sources */,
				3D78626B2B9B92D300A9424C /* RealInsightsRepository.swift in Sources */,
				3D8DE6C92BB4A8C700814C35 /* BaseAuthViewModel.swift in Sources */,
				3D09A6502BB6E6DB000C54A1 /* StringExtensions.swift in Sources */,
				3D9A35BC2B718BE9000F51AC /* SearchBar.swift in Sources */,
				3D5387592BB0415200E69294 /* UpdateUserDTO+Dictionary.swift in Sources */,
				3DC429992B9B9E3000C0548B /* AuthenticationRepository.swift in Sources */,
				3DD405202B7C00CE00C39D5C /* ContactUsView.swift in Sources */,
				3D94873C2B924B03001C5676 /* ImagePicker.swift in Sources */,
				3DF6EA0E2B6FB49500CE0D95 /* ThreeDots.swift in Sources */,
				3DC429A32B9BA11600C0548B /* SignInUseCase.swift in Sources */,
				3DFEB76B2B9C97DD000E0D11 /* MainViewModel.swift in Sources */,
				3DD405182B7BF1F600C39D5C /* RequestsView.swift in Sources */,
				3DE5E13D2B9CEC1B00EA85DF /* Mapper.swift in Sources */,
				3DEF787C2B8D144F0081AFD9 /* EnterPhoneNumberView.swift in Sources */,
				3DA959DF2BB583BB00EB01EF /* IconCircleView.swift in Sources */,
				3D9DE1EC2B9338F40033B173 /* FeedCellViewModel.swift in Sources */,
				3DEF786E2B8D01680081AFD9 /* EnterNameView.swift in Sources */,
				3DD4051E2B7BFF5300C39D5C /* ChevronButtonView.swift in Sources */,
				3DE5E1422B9CEEFB00EA85DF /* RealInsightMapper.swift in Sources */,
				3DD405242B7C0A5B00C39D5C /* NotificationsView.swift in Sources */,
				3D9487432B9269DE001C5676 /* CameraViewModel.swift in Sources */,
				3D9A184D2B8FBBE5003D2447 /* Birthdate.swift in Sources */,
				3DC429A52B9BA13200C0548B /* SignOutUseCase.swift in Sources */,
				3DFEB7652B9C8C70000E0D11 /* CreateAccountViewModel.swift in Sources */,
				3DE5E13A2B9CE60B00EA85DF /* FirestoreUserDataSourceImpl.swift in Sources */,
				3DAE5C7D2B9102A30019787D /* User.swift in Sources */,
				3D78626D2B9B92F000A9424C /* RealInsightsRepositoryImpl.swift in Sources */,
				3D33CFF42B7164D90053C59F /* Extensions.swift in Sources */,
				3D8DE6C72BB4A55E00814C35 /* EventBus.swift in Sources */,
				3D7A4A212BBDC70000CC1C14 /* SuggestionsViewModel.swift in Sources */,
				3D7A4A2B2BBDD82000CC1C14 /* FetchFollowerRequestsForUserUseCase.swift in Sources */,
				3DEF78792B8D10CB0081AFD9 /* SelectCountryView.swift in Sources */,
				3DD405222B7C027300C39D5C /* MemoriesView.swift in Sources */,
				3DF6EA0A2B6FAD9700CE0D95 /* FeedCellView.swift in Sources */,
				3D2256DD2BB1F6E000F87A4B /* SettingsViewModel.swift in Sources */,
				3DF6EA082B6FABE900CE0D95 /* FeedView.swift in Sources */,
				3D7A4A1F2BBDC54200CC1C14 /* GetSuggestionsUseCase.swift in Sources */,
				3DF6E9FA2B6FABAA00CE0D95 /* RealInsightApp.swift in Sources */,
				3DE5E1322B9CE45D00EA85DF /* FirestoreRealInsightsDataSourceImpl.swift in Sources */,
				3D7A4A2D2BBDDA8100CC1C14 /* NoDataFoundView.swift in Sources */,
				3D68D53F2BBC7B81001538EB /* FormField.swift in Sources */,
				3DE5E1292B9CE33D00EA85DF /* StorageFilesDataSource.swift in Sources */,
				3D7862752B9B98B700A9424C /* Container.swift in Sources */,
				3DFEB7672B9C8FAD000E0D11 /* BaseViewModel.swift in Sources */,
				3D7A4A252BBDCD3D00CC1C14 /* FriendsViewModel.swift in Sources */,
				3DC429A92B9BA6C700C0548B /* UpdateUserUseCase.swift in Sources */,
				3DA71E692BB44547005577DF /* ValidateOTPView.swift in Sources */,
				3DD405292B7C134600C39D5C /* WhiteButtonView.swift in Sources */,
				3D53875D2BB0419200E69294 /* CreateUserDTO+Dictionary.swift in Sources */,
				3D22D5272BB59AB70033E8F4 /* HomeViewModel.swift in Sources */,
				3D7A4A292BBDD7A000CC1C14 /* FetchFriendsForUserUseCase.swift in Sources */,
				3D22D5292BB59E420033E8F4 /* LeftMenuViewModel.swift in Sources */,
				3D9DE1E82B9333040033B173 /* FeedViewModel.swift in Sources */,
				3DFEB7722B9CA1C0000E0D11 /* AuthenticationViewModel.swift in Sources */,
				3DC4299F2B9B9E8100C0548B /* UserProfileRepositoryImpl.swift in Sources */,
				3DFEB76E2B9C9EF7000E0D11 /* TopBarView.swift in Sources */,
				3DE5E1272B9CE10D00EA85DF /* FirebaseAuthenticationDataSourceImpl.swift in Sources */,
				3D33CFF12B7161E40053C59F /* EditProfileView.swift in Sources */,
				3D33CAAD2B97A6E2001721A2 /* TabBarMenuView.swift in Sources */,
				3DC429A12B9BA0FD00C0548B /* SendOtpUseCase.swift in Sources */,
				3D5387522BB031CD00E69294 /* PostRealInsightUseCase.swift in Sources */,
				3D78626F2B9B930F00A9424C /* FetchRealInsightsUseCase.swift in Sources */,
				3DEF78772B8D0E030081AFD9 /* Country.swift in Sources */,
				3DD4051A2B7BFBA800C39D5C /* OtherView.swift in Sources */,
				3DC0E8632B9C717300C5AE60 /* OnboardingView.swift in Sources */,
				3DE5E1382B9CE5DB00EA85DF /* UserDTO.swift in Sources */,
				3DEF787E2B8D1B2E0081AFD9 /* EnterCodeView.swift in Sources */,
				3DFEB7742B9CA2DB000E0D11 /* AgreementTextView.swift in Sources */,
			);
			runOnlyForDeploymentPostprocessing = 0;
		};
/* End PBXSourcesBuildPhase section */

/* Begin XCBuildConfiguration section */
		3DF6EA022B6FABAC00CE0D95 /* Debug */ = {
			isa = XCBuildConfiguration;
			buildSettings = {
				ALWAYS_SEARCH_USER_PATHS = NO;
				CLANG_ANALYZER_NONNULL = YES;
				CLANG_ANALYZER_NUMBER_OBJECT_CONVERSION = YES_AGGRESSIVE;
				CLANG_CXX_LANGUAGE_STANDARD = "gnu++20";
				CLANG_ENABLE_MODULES = YES;
				CLANG_ENABLE_OBJC_ARC = YES;
				CLANG_ENABLE_OBJC_WEAK = YES;
				CLANG_WARN_BLOCK_CAPTURE_AUTORELEASING = YES;
				CLANG_WARN_BOOL_CONVERSION = YES;
				CLANG_WARN_COMMA = YES;
				CLANG_WARN_CONSTANT_CONVERSION = YES;
				CLANG_WARN_DEPRECATED_OBJC_IMPLEMENTATIONS = YES;
				CLANG_WARN_DIRECT_OBJC_ISA_USAGE = YES_ERROR;
				CLANG_WARN_DOCUMENTATION_COMMENTS = YES;
				CLANG_WARN_EMPTY_BODY = YES;
				CLANG_WARN_ENUM_CONVERSION = YES;
				CLANG_WARN_INFINITE_RECURSION = YES;
				CLANG_WARN_INT_CONVERSION = YES;
				CLANG_WARN_NON_LITERAL_NULL_CONVERSION = YES;
				CLANG_WARN_OBJC_IMPLICIT_RETAIN_SELF = YES;
				CLANG_WARN_OBJC_LITERAL_CONVERSION = YES;
				CLANG_WARN_OBJC_ROOT_CLASS = YES_ERROR;
				CLANG_WARN_QUOTED_INCLUDE_IN_FRAMEWORK_HEADER = YES;
				CLANG_WARN_RANGE_LOOP_ANALYSIS = YES;
				CLANG_WARN_STRICT_PROTOTYPES = YES;
				CLANG_WARN_SUSPICIOUS_MOVE = YES;
				CLANG_WARN_UNGUARDED_AVAILABILITY = YES_AGGRESSIVE;
				CLANG_WARN_UNREACHABLE_CODE = YES;
				CLANG_WARN__DUPLICATE_METHOD_MATCH = YES;
				COPY_PHASE_STRIP = NO;
				DEBUG_INFORMATION_FORMAT = dwarf;
				ENABLE_STRICT_OBJC_MSGSEND = YES;
				ENABLE_TESTABILITY = YES;
				GCC_C_LANGUAGE_STANDARD = gnu11;
				GCC_DYNAMIC_NO_PIC = NO;
				GCC_NO_COMMON_BLOCKS = YES;
				GCC_OPTIMIZATION_LEVEL = 0;
				GCC_PREPROCESSOR_DEFINITIONS = (
					"DEBUG=1",
					"$(inherited)",
				);
				GCC_WARN_64_TO_32_BIT_CONVERSION = YES;
				GCC_WARN_ABOUT_RETURN_TYPE = YES_ERROR;
				GCC_WARN_UNDECLARED_SELECTOR = YES;
				GCC_WARN_UNINITIALIZED_AUTOS = YES_AGGRESSIVE;
				GCC_WARN_UNUSED_FUNCTION = YES;
				GCC_WARN_UNUSED_VARIABLE = YES;
				IPHONEOS_DEPLOYMENT_TARGET = 16.4;
				MTL_ENABLE_DEBUG_INFO = INCLUDE_SOURCE;
				MTL_FAST_MATH = YES;
				ONLY_ACTIVE_ARCH = YES;
				SDKROOT = iphoneos;
				SWIFT_ACTIVE_COMPILATION_CONDITIONS = DEBUG;
				SWIFT_OPTIMIZATION_LEVEL = "-Onone";
			};
			name = Debug;
		};
		3DF6EA032B6FABAC00CE0D95 /* Release */ = {
			isa = XCBuildConfiguration;
			buildSettings = {
				ALWAYS_SEARCH_USER_PATHS = NO;
				CLANG_ANALYZER_NONNULL = YES;
				CLANG_ANALYZER_NUMBER_OBJECT_CONVERSION = YES_AGGRESSIVE;
				CLANG_CXX_LANGUAGE_STANDARD = "gnu++20";
				CLANG_ENABLE_MODULES = YES;
				CLANG_ENABLE_OBJC_ARC = YES;
				CLANG_ENABLE_OBJC_WEAK = YES;
				CLANG_WARN_BLOCK_CAPTURE_AUTORELEASING = YES;
				CLANG_WARN_BOOL_CONVERSION = YES;
				CLANG_WARN_COMMA = YES;
				CLANG_WARN_CONSTANT_CONVERSION = YES;
				CLANG_WARN_DEPRECATED_OBJC_IMPLEMENTATIONS = YES;
				CLANG_WARN_DIRECT_OBJC_ISA_USAGE = YES_ERROR;
				CLANG_WARN_DOCUMENTATION_COMMENTS = YES;
				CLANG_WARN_EMPTY_BODY = YES;
				CLANG_WARN_ENUM_CONVERSION = YES;
				CLANG_WARN_INFINITE_RECURSION = YES;
				CLANG_WARN_INT_CONVERSION = YES;
				CLANG_WARN_NON_LITERAL_NULL_CONVERSION = YES;
				CLANG_WARN_OBJC_IMPLICIT_RETAIN_SELF = YES;
				CLANG_WARN_OBJC_LITERAL_CONVERSION = YES;
				CLANG_WARN_OBJC_ROOT_CLASS = YES_ERROR;
				CLANG_WARN_QUOTED_INCLUDE_IN_FRAMEWORK_HEADER = YES;
				CLANG_WARN_RANGE_LOOP_ANALYSIS = YES;
				CLANG_WARN_STRICT_PROTOTYPES = YES;
				CLANG_WARN_SUSPICIOUS_MOVE = YES;
				CLANG_WARN_UNGUARDED_AVAILABILITY = YES_AGGRESSIVE;
				CLANG_WARN_UNREACHABLE_CODE = YES;
				CLANG_WARN__DUPLICATE_METHOD_MATCH = YES;
				COPY_PHASE_STRIP = NO;
				DEBUG_INFORMATION_FORMAT = "dwarf-with-dsym";
				ENABLE_NS_ASSERTIONS = NO;
				ENABLE_STRICT_OBJC_MSGSEND = YES;
				GCC_C_LANGUAGE_STANDARD = gnu11;
				GCC_NO_COMMON_BLOCKS = YES;
				GCC_WARN_64_TO_32_BIT_CONVERSION = YES;
				GCC_WARN_ABOUT_RETURN_TYPE = YES_ERROR;
				GCC_WARN_UNDECLARED_SELECTOR = YES;
				GCC_WARN_UNINITIALIZED_AUTOS = YES_AGGRESSIVE;
				GCC_WARN_UNUSED_FUNCTION = YES;
				GCC_WARN_UNUSED_VARIABLE = YES;
				IPHONEOS_DEPLOYMENT_TARGET = 16.4;
				MTL_ENABLE_DEBUG_INFO = NO;
				MTL_FAST_MATH = YES;
				SDKROOT = iphoneos;
				SWIFT_COMPILATION_MODE = wholemodule;
				SWIFT_OPTIMIZATION_LEVEL = "-O";
				VALIDATE_PRODUCT = YES;
			};
			name = Release;
		};
		3DF6EA052B6FABAC00CE0D95 /* Debug */ = {
			isa = XCBuildConfiguration;
			buildSettings = {
				ASSETCATALOG_COMPILER_APPICON_NAME = AppIcon;
				ASSETCATALOG_COMPILER_GLOBAL_ACCENT_COLOR_NAME = AccentColor;
				CODE_SIGN_STYLE = Automatic;
				CURRENT_PROJECT_VERSION = 1;
				DEVELOPMENT_ASSET_PATHS = "\"RealInsight/Preview Content\"";
				DEVELOPMENT_TEAM = PX63F4TNY3;
				ENABLE_PREVIEWS = YES;
				GENERATE_INFOPLIST_FILE = YES;
				INFOPLIST_FILE = RealInsight/Info.plist;
				INFOPLIST_KEY_UIApplicationSceneManifest_Generation = YES;
				INFOPLIST_KEY_UIApplicationSupportsIndirectInputEvents = YES;
				INFOPLIST_KEY_UILaunchScreen_Generation = YES;
				INFOPLIST_KEY_UILaunchStoryboardName = "Launch Screen.storyboard";
				INFOPLIST_KEY_UISupportedInterfaceOrientations_iPad = "UIInterfaceOrientationPortrait UIInterfaceOrientationPortraitUpsideDown UIInterfaceOrientationLandscapeLeft UIInterfaceOrientationLandscapeRight";
				INFOPLIST_KEY_UISupportedInterfaceOrientations_iPhone = "UIInterfaceOrientationPortrait UIInterfaceOrientationLandscapeLeft UIInterfaceOrientationLandscapeRight";
				LD_RUNPATH_SEARCH_PATHS = (
					"$(inherited)",
					"@executable_path/Frameworks",
				);
				MARKETING_VERSION = 1.0;
				PRODUCT_BUNDLE_IDENTIFIER = com.dreamsoftware.RealInsight;
				PRODUCT_NAME = "$(TARGET_NAME)";
				SWIFT_EMIT_LOC_STRINGS = YES;
				SWIFT_VERSION = 5.0;
				TARGETED_DEVICE_FAMILY = "1,2";
			};
			name = Debug;
		};
		3DF6EA062B6FABAC00CE0D95 /* Release */ = {
			isa = XCBuildConfiguration;
			buildSettings = {
				ASSETCATALOG_COMPILER_APPICON_NAME = AppIcon;
				ASSETCATALOG_COMPILER_GLOBAL_ACCENT_COLOR_NAME = AccentColor;
				CODE_SIGN_STYLE = Automatic;
				CURRENT_PROJECT_VERSION = 1;
				DEVELOPMENT_ASSET_PATHS = "\"RealInsight/Preview Content\"";
				DEVELOPMENT_TEAM = PX63F4TNY3;
				ENABLE_PREVIEWS = YES;
				GENERATE_INFOPLIST_FILE = YES;
				INFOPLIST_FILE = RealInsight/Info.plist;
				INFOPLIST_KEY_UIApplicationSceneManifest_Generation = YES;
				INFOPLIST_KEY_UIApplicationSupportsIndirectInputEvents = YES;
				INFOPLIST_KEY_UILaunchScreen_Generation = YES;
				INFOPLIST_KEY_UILaunchStoryboardName = "Launch Screen.storyboard";
				INFOPLIST_KEY_UISupportedInterfaceOrientations_iPad = "UIInterfaceOrientationPortrait UIInterfaceOrientationPortraitUpsideDown UIInterfaceOrientationLandscapeLeft UIInterfaceOrientationLandscapeRight";
				INFOPLIST_KEY_UISupportedInterfaceOrientations_iPhone = "UIInterfaceOrientationPortrait UIInterfaceOrientationLandscapeLeft UIInterfaceOrientationLandscapeRight";
				LD_RUNPATH_SEARCH_PATHS = (
					"$(inherited)",
					"@executable_path/Frameworks",
				);
				MARKETING_VERSION = 1.0;
				PRODUCT_BUNDLE_IDENTIFIER = com.dreamsoftware.RealInsight;
				PRODUCT_NAME = "$(TARGET_NAME)";
				SWIFT_EMIT_LOC_STRINGS = YES;
				SWIFT_VERSION = 5.0;
				TARGETED_DEVICE_FAMILY = "1,2";
			};
			name = Release;
		};
/* End XCBuildConfiguration section */

/* Begin XCConfigurationList section */
		3DF6E9F12B6FABAA00CE0D95 /* Build configuration list for PBXProject "RealInsight" */ = {
			isa = XCConfigurationList;
			buildConfigurations = (
				3DF6EA022B6FABAC00CE0D95 /* Debug */,
				3DF6EA032B6FABAC00CE0D95 /* Release */,
			);
			defaultConfigurationIsVisible = 0;
			defaultConfigurationName = Release;
		};
		3DF6EA042B6FABAC00CE0D95 /* Build configuration list for PBXNativeTarget "RealInsight" */ = {
			isa = XCConfigurationList;
			buildConfigurations = (
				3DF6EA052B6FABAC00CE0D95 /* Debug */,
				3DF6EA062B6FABAC00CE0D95 /* Release */,
			);
			defaultConfigurationIsVisible = 0;
			defaultConfigurationName = Release;
		};
/* End XCConfigurationList section */

/* Begin XCRemoteSwiftPackageReference section */
		3D1998392B8FC8DA009B020A /* XCRemoteSwiftPackageReference "firebase-ios-sdk" */ = {
			isa = XCRemoteSwiftPackageReference;
			repositoryURL = "https://github.com/firebase/firebase-ios-sdk.git";
			requirement = {
				kind = upToNextMajorVersion;
				minimumVersion = 10.0.0;
			};
		};
		3D7862702B9B96FD00A9424C /* XCRemoteSwiftPackageReference "Factory" */ = {
			isa = XCRemoteSwiftPackageReference;
			repositoryURL = "https://github.com/hmlongco/Factory.git";
			requirement = {
				kind = upToNextMajorVersion;
				minimumVersion = 2.0.0;
			};
		};
		3D94873D2B92549F001C5676 /* XCRemoteSwiftPackageReference "Kingfisher" */ = {
			isa = XCRemoteSwiftPackageReference;
			repositoryURL = "https://github.com/onevcat/Kingfisher.git";
			requirement = {
				kind = upToNextMajorVersion;
				minimumVersion = 7.0.0;
			};
		};
/* End XCRemoteSwiftPackageReference section */

/* Begin XCSwiftPackageProductDependency section */
		3D19983A2B8FC8DA009B020A /* FirebaseAuth */ = {
			isa = XCSwiftPackageProductDependency;
			package = 3D1998392B8FC8DA009B020A /* XCRemoteSwiftPackageReference "firebase-ios-sdk" */;
			productName = FirebaseAuth;
		};
		3D19983C2B8FC8DA009B020A /* FirebaseFirestore */ = {
			isa = XCSwiftPackageProductDependency;
			package = 3D1998392B8FC8DA009B020A /* XCRemoteSwiftPackageReference "firebase-ios-sdk" */;
			productName = FirebaseFirestore;
		};
		3D19983E2B8FC8DB009B020A /* FirebaseFirestoreSwift */ = {
			isa = XCSwiftPackageProductDependency;
			package = 3D1998392B8FC8DA009B020A /* XCRemoteSwiftPackageReference "firebase-ios-sdk" */;
			productName = FirebaseFirestoreSwift;
		};
		3D1998402B8FC8DB009B020A /* FirebaseStorage */ = {
			isa = XCSwiftPackageProductDependency;
			package = 3D1998392B8FC8DA009B020A /* XCRemoteSwiftPackageReference "firebase-ios-sdk" */;
			productName = FirebaseStorage;
		};
		3D1998422B8FC8DB009B020A /* FirebaseStorageCombine-Community */ = {
			isa = XCSwiftPackageProductDependency;
			package = 3D1998392B8FC8DA009B020A /* XCRemoteSwiftPackageReference "firebase-ios-sdk" */;
			productName = "FirebaseStorageCombine-Community";
		};
		3D7862712B9B96FD00A9424C /* Factory */ = {
			isa = XCSwiftPackageProductDependency;
			package = 3D7862702B9B96FD00A9424C /* XCRemoteSwiftPackageReference "Factory" */;
			productName = Factory;
		};
		3D94873E2B9254A0001C5676 /* Kingfisher */ = {
			isa = XCSwiftPackageProductDependency;
			package = 3D94873D2B92549F001C5676 /* XCRemoteSwiftPackageReference "Kingfisher" */;
			productName = Kingfisher;
		};
/* End XCSwiftPackageProductDependency section */
	};
	rootObject = 3DF6E9EE2B6FABAA00CE0D95 /* Project object */;
}
