// !$*UTF8*$!
{
	archiveVersion = 1;
	classes = {
	};
	objectVersion = 56;
	objects = {

/* Begin PBXBuildFile section */
		3D19983B2B8FC8DA009B020A /* FirebaseAuth in Frameworks */ = {isa = PBXBuildFile; productRef = 3D19983A2B8FC8DA009B020A /* FirebaseAuth */; };
		3D19983D2B8FC8DB009B020A /* FirebaseFirestore in Frameworks */ = {isa = PBXBuildFile; productRef = 3D19983C2B8FC8DA009B020A /* FirebaseFirestore */; };
		3D19983F2B8FC8DB009B020A /* FirebaseFirestoreSwift in Frameworks */ = {isa = PBXBuildFile; productRef = 3D19983E2B8FC8DB009B020A /* FirebaseFirestoreSwift */; };
		3D1998412B8FC8DB009B020A /* FirebaseStorage in Frameworks */ = {isa = PBXBuildFile; productRef = 3D1998402B8FC8DB009B020A /* FirebaseStorage */; };
		3D1998432B8FC8DB009B020A /* FirebaseStorageCombine-Community in Frameworks */ = {isa = PBXBuildFile; productRef = 3D1998422B8FC8DB009B020A /* FirebaseStorageCombine-Community */; };
		3D1998452B8FC970009B020A /* GoogleService-Info.plist in Resources */ = {isa = PBXBuildFile; fileRef = 3D1998442B8FC970009B020A /* GoogleService-Info.plist */; };
		3D33CFEF2B7159100053C59F /* SettingsView.swift in Sources */ = {isa = PBXBuildFile; fileRef = 3D33CFEE2B7159100053C59F /* SettingsView.swift */; };
		3D33CFF12B7161E40053C59F /* EditProfile.swift in Sources */ = {isa = PBXBuildFile; fileRef = 3D33CFF02B7161E40053C59F /* EditProfile.swift */; };
		3D33CFF42B7164D90053C59F /* Extensions.swift in Sources */ = {isa = PBXBuildFile; fileRef = 3D33CFF32B7164D90053C59F /* Extensions.swift */; };
		3D4066F92B911B2D00785E5E /* LoadingView.swift in Sources */ = {isa = PBXBuildFile; fileRef = 3D4066F82B911B2D00785E5E /* LoadingView.swift */; };
		3D8CDF542B75725B00C6C1F3 /* Suggestions.swift in Sources */ = {isa = PBXBuildFile; fileRef = 3D8CDF532B75725B00C6C1F3 /* Suggestions.swift */; };
		3D8CDF562B75739E00C6C1F3 /* SuggestionCellView.swift in Sources */ = {isa = PBXBuildFile; fileRef = 3D8CDF552B75739E00C6C1F3 /* SuggestionCellView.swift */; };
		3D8CDF582B75764E00C6C1F3 /* FriendsView.swift in Sources */ = {isa = PBXBuildFile; fileRef = 3D8CDF572B75764E00C6C1F3 /* FriendsView.swift */; };
		3D8CDF5A2B75770D00C6C1F3 /* FriendsCellView.swift in Sources */ = {isa = PBXBuildFile; fileRef = 3D8CDF592B75770D00C6C1F3 /* FriendsCellView.swift */; };
		3D9A18492B8FB90D003D2447 /* MainAuthenticationView.swift in Sources */ = {isa = PBXBuildFile; fileRef = 3D9A18482B8FB90D003D2447 /* MainAuthenticationView.swift */; };
		3D9A184B2B8FBBC0003D2447 /* AuthenticationViewModel.swift in Sources */ = {isa = PBXBuildFile; fileRef = 3D9A184A2B8FBBC0003D2447 /* AuthenticationViewModel.swift */; };
		3D9A184D2B8FBBE5003D2447 /* Birthdate.swift in Sources */ = {isa = PBXBuildFile; fileRef = 3D9A184C2B8FBBE5003D2447 /* Birthdate.swift */; };
		3D9A35B32B7182C2000F51AC /* TimeZoneView.swift in Sources */ = {isa = PBXBuildFile; fileRef = 3D9A35B22B7182C2000F51AC /* TimeZoneView.swift */; };
		3D9A35B62B718B22000F51AC /* LeftMenu.swift in Sources */ = {isa = PBXBuildFile; fileRef = 3D9A35B52B718B22000F51AC /* LeftMenu.swift */; };
		3D9A35B82B718B4D000F51AC /* LeftMenuTopView.swift in Sources */ = {isa = PBXBuildFile; fileRef = 3D9A35B72B718B4D000F51AC /* LeftMenuTopView.swift */; };
		3D9A35BC2B718BE9000F51AC /* SearchBar.swift in Sources */ = {isa = PBXBuildFile; fileRef = 3D9A35BB2B718BE9000F51AC /* SearchBar.swift */; };
		3DAE5C7D2B9102A30019787D /* User.swift in Sources */ = {isa = PBXBuildFile; fileRef = 3DAE5C7C2B9102A30019787D /* User.swift */; };
		3DAE5C7F2B9104180019787D /* MainView.swift in Sources */ = {isa = PBXBuildFile; fileRef = 3DAE5C7E2B9104180019787D /* MainView.swift */; };
		3DD405182B7BF1F600C39D5C /* RequestsView.swift in Sources */ = {isa = PBXBuildFile; fileRef = 3DD405172B7BF1F600C39D5C /* RequestsView.swift */; };
		3DD4051A2B7BFBA800C39D5C /* OtherView.swift in Sources */ = {isa = PBXBuildFile; fileRef = 3DD405192B7BFBA800C39D5C /* OtherView.swift */; };
		3DD4051C2B7BFE9500C39D5C /* HelpView.swift in Sources */ = {isa = PBXBuildFile; fileRef = 3DD4051B2B7BFE9400C39D5C /* HelpView.swift */; };
		3DD4051E2B7BFF5300C39D5C /* ChevronButtonView.swift in Sources */ = {isa = PBXBuildFile; fileRef = 3DD4051D2B7BFF5300C39D5C /* ChevronButtonView.swift */; };
		3DD405202B7C00CE00C39D5C /* ContactUsView.swift in Sources */ = {isa = PBXBuildFile; fileRef = 3DD4051F2B7C00CE00C39D5C /* ContactUsView.swift */; };
		3DD405222B7C027300C39D5C /* MemoriesView.swift in Sources */ = {isa = PBXBuildFile; fileRef = 3DD405212B7C027300C39D5C /* MemoriesView.swift */; };
		3DD405242B7C0A5B00C39D5C /* NotificationsView.swift in Sources */ = {isa = PBXBuildFile; fileRef = 3DD405232B7C0A5B00C39D5C /* NotificationsView.swift */; };
		3DD405272B7C0E8C00C39D5C /* NotificationsButtonView.swift in Sources */ = {isa = PBXBuildFile; fileRef = 3DD405262B7C0E8C00C39D5C /* NotificationsButtonView.swift */; };
		3DD405292B7C134600C39D5C /* WhiteButtonView.swift in Sources */ = {isa = PBXBuildFile; fileRef = 3DD405282B7C134600C39D5C /* WhiteButtonView.swift */; };
		3DEF786E2B8D01680081AFD9 /* EnterNameView.swift in Sources */ = {isa = PBXBuildFile; fileRef = 3DEF786D2B8D01680081AFD9 /* EnterNameView.swift */; };
		3DEF78702B8D05980081AFD9 /* EnterAgeView.swift in Sources */ = {isa = PBXBuildFile; fileRef = 3DEF786F2B8D05980081AFD9 /* EnterAgeView.swift */; };
		3DEF78752B8D0DE10081AFD9 /* countries.json in Resources */ = {isa = PBXBuildFile; fileRef = 3DEF78742B8D0DE10081AFD9 /* countries.json */; };
		3DEF78772B8D0E030081AFD9 /* Country.swift in Sources */ = {isa = PBXBuildFile; fileRef = 3DEF78762B8D0E030081AFD9 /* Country.swift */; };
		3DEF78792B8D10CB0081AFD9 /* SelectCountryView.swift in Sources */ = {isa = PBXBuildFile; fileRef = 3DEF78782B8D10CB0081AFD9 /* SelectCountryView.swift */; };
		3DEF787C2B8D144F0081AFD9 /* EnterPhoneNumberView.swift in Sources */ = {isa = PBXBuildFile; fileRef = 3DEF787B2B8D144F0081AFD9 /* EnterPhoneNumberView.swift */; };
		3DEF787E2B8D1B2E0081AFD9 /* EnterCodeView.swift in Sources */ = {isa = PBXBuildFile; fileRef = 3DEF787D2B8D1B2E0081AFD9 /* EnterCodeView.swift */; };
		3DF6E9FA2B6FABAA00CE0D95 /* RealInsightApp.swift in Sources */ = {isa = PBXBuildFile; fileRef = 3DF6E9F92B6FABAA00CE0D95 /* RealInsightApp.swift */; };
		3DF6E9FC2B6FABAA00CE0D95 /* ContentView.swift in Sources */ = {isa = PBXBuildFile; fileRef = 3DF6E9FB2B6FABAA00CE0D95 /* ContentView.swift */; };
		3DF6E9FE2B6FABAC00CE0D95 /* Assets.xcassets in Resources */ = {isa = PBXBuildFile; fileRef = 3DF6E9FD2B6FABAC00CE0D95 /* Assets.xcassets */; };
		3DF6EA012B6FABAC00CE0D95 /* Preview Assets.xcassets in Resources */ = {isa = PBXBuildFile; fileRef = 3DF6EA002B6FABAC00CE0D95 /* Preview Assets.xcassets */; };
		3DF6EA082B6FABE900CE0D95 /* Feed.swift in Sources */ = {isa = PBXBuildFile; fileRef = 3DF6EA072B6FABE900CE0D95 /* Feed.swift */; };
		3DF6EA0A2B6FAD9700CE0D95 /* FeedCell.swift in Sources */ = {isa = PBXBuildFile; fileRef = 3DF6EA092B6FAD9700CE0D95 /* FeedCell.swift */; };
		3DF6EA0E2B6FB49500CE0D95 /* ThreeDots.swift in Sources */ = {isa = PBXBuildFile; fileRef = 3DF6EA0D2B6FB49500CE0D95 /* ThreeDots.swift */; };
		3DF6EA102B6FB6FF00CE0D95 /* Profile.swift in Sources */ = {isa = PBXBuildFile; fileRef = 3DF6EA0F2B6FB6FF00CE0D95 /* Profile.swift */; };
		3DF6EA122B6FB9BE00CE0D95 /* MemoryView.swift in Sources */ = {isa = PBXBuildFile; fileRef = 3DF6EA112B6FB9BE00CE0D95 /* MemoryView.swift */; };
/* End PBXBuildFile section */

/* Begin PBXFileReference section */
		3D1998442B8FC970009B020A /* GoogleService-Info.plist */ = {isa = PBXFileReference; fileEncoding = 4; lastKnownFileType = text.plist.xml; path = "GoogleService-Info.plist"; sourceTree = "<group>"; };
		3D1998462B8FD104009B020A /* Info.plist */ = {isa = PBXFileReference; lastKnownFileType = text.plist; path = Info.plist; sourceTree = "<group>"; };
		3D33CFEE2B7159100053C59F /* SettingsView.swift */ = {isa = PBXFileReference; lastKnownFileType = sourcecode.swift; path = SettingsView.swift; sourceTree = "<group>"; };
		3D33CFF02B7161E40053C59F /* EditProfile.swift */ = {isa = PBXFileReference; lastKnownFileType = sourcecode.swift; path = EditProfile.swift; sourceTree = "<group>"; };
		3D33CFF32B7164D90053C59F /* Extensions.swift */ = {isa = PBXFileReference; lastKnownFileType = sourcecode.swift; path = Extensions.swift; sourceTree = "<group>"; };
		3D4066F82B911B2D00785E5E /* LoadingView.swift */ = {isa = PBXFileReference; lastKnownFileType = sourcecode.swift; path = LoadingView.swift; sourceTree = "<group>"; };
		3D8CDF532B75725B00C6C1F3 /* Suggestions.swift */ = {isa = PBXFileReference; lastKnownFileType = sourcecode.swift; path = Suggestions.swift; sourceTree = "<group>"; };
		3D8CDF552B75739E00C6C1F3 /* SuggestionCellView.swift */ = {isa = PBXFileReference; lastKnownFileType = sourcecode.swift; path = SuggestionCellView.swift; sourceTree = "<group>"; };
		3D8CDF572B75764E00C6C1F3 /* FriendsView.swift */ = {isa = PBXFileReference; lastKnownFileType = sourcecode.swift; path = FriendsView.swift; sourceTree = "<group>"; };
		3D8CDF592B75770D00C6C1F3 /* FriendsCellView.swift */ = {isa = PBXFileReference; lastKnownFileType = sourcecode.swift; path = FriendsCellView.swift; sourceTree = "<group>"; };
		3D9A18482B8FB90D003D2447 /* MainAuthenticationView.swift */ = {isa = PBXFileReference; lastKnownFileType = sourcecode.swift; path = MainAuthenticationView.swift; sourceTree = "<group>"; };
		3D9A184A2B8FBBC0003D2447 /* AuthenticationViewModel.swift */ = {isa = PBXFileReference; lastKnownFileType = sourcecode.swift; path = AuthenticationViewModel.swift; sourceTree = "<group>"; };
		3D9A184C2B8FBBE5003D2447 /* Birthdate.swift */ = {isa = PBXFileReference; lastKnownFileType = sourcecode.swift; path = Birthdate.swift; sourceTree = "<group>"; };
		3D9A35B22B7182C2000F51AC /* TimeZoneView.swift */ = {isa = PBXFileReference; lastKnownFileType = sourcecode.swift; path = TimeZoneView.swift; sourceTree = "<group>"; };
		3D9A35B52B718B22000F51AC /* LeftMenu.swift */ = {isa = PBXFileReference; lastKnownFileType = sourcecode.swift; path = LeftMenu.swift; sourceTree = "<group>"; };
		3D9A35B72B718B4D000F51AC /* LeftMenuTopView.swift */ = {isa = PBXFileReference; lastKnownFileType = sourcecode.swift; path = LeftMenuTopView.swift; sourceTree = "<group>"; };
		3D9A35BB2B718BE9000F51AC /* SearchBar.swift */ = {isa = PBXFileReference; lastKnownFileType = sourcecode.swift; path = SearchBar.swift; sourceTree = "<group>"; };
		3DAE5C7C2B9102A30019787D /* User.swift */ = {isa = PBXFileReference; lastKnownFileType = sourcecode.swift; path = User.swift; sourceTree = "<group>"; };
		3DAE5C7E2B9104180019787D /* MainView.swift */ = {isa = PBXFileReference; lastKnownFileType = sourcecode.swift; path = MainView.swift; sourceTree = "<group>"; };
		3DD405172B7BF1F600C39D5C /* RequestsView.swift */ = {isa = PBXFileReference; lastKnownFileType = sourcecode.swift; path = RequestsView.swift; sourceTree = "<group>"; };
		3DD405192B7BFBA800C39D5C /* OtherView.swift */ = {isa = PBXFileReference; lastKnownFileType = sourcecode.swift; path = OtherView.swift; sourceTree = "<group>"; };
		3DD4051B2B7BFE9400C39D5C /* HelpView.swift */ = {isa = PBXFileReference; lastKnownFileType = sourcecode.swift; path = HelpView.swift; sourceTree = "<group>"; };
		3DD4051D2B7BFF5300C39D5C /* ChevronButtonView.swift */ = {isa = PBXFileReference; lastKnownFileType = sourcecode.swift; path = ChevronButtonView.swift; sourceTree = "<group>"; };
		3DD4051F2B7C00CE00C39D5C /* ContactUsView.swift */ = {isa = PBXFileReference; lastKnownFileType = sourcecode.swift; path = ContactUsView.swift; sourceTree = "<group>"; };
		3DD405212B7C027300C39D5C /* MemoriesView.swift */ = {isa = PBXFileReference; lastKnownFileType = sourcecode.swift; path = MemoriesView.swift; sourceTree = "<group>"; };
		3DD405232B7C0A5B00C39D5C /* NotificationsView.swift */ = {isa = PBXFileReference; lastKnownFileType = sourcecode.swift; path = NotificationsView.swift; sourceTree = "<group>"; };
		3DD405262B7C0E8C00C39D5C /* NotificationsButtonView.swift */ = {isa = PBXFileReference; lastKnownFileType = sourcecode.swift; path = NotificationsButtonView.swift; sourceTree = "<group>"; };
		3DD405282B7C134600C39D5C /* WhiteButtonView.swift */ = {isa = PBXFileReference; lastKnownFileType = sourcecode.swift; path = WhiteButtonView.swift; sourceTree = "<group>"; };
		3DEF786D2B8D01680081AFD9 /* EnterNameView.swift */ = {isa = PBXFileReference; lastKnownFileType = sourcecode.swift; path = EnterNameView.swift; sourceTree = "<group>"; };
		3DEF786F2B8D05980081AFD9 /* EnterAgeView.swift */ = {isa = PBXFileReference; lastKnownFileType = sourcecode.swift; path = EnterAgeView.swift; sourceTree = "<group>"; };
		3DEF78742B8D0DE10081AFD9 /* countries.json */ = {isa = PBXFileReference; lastKnownFileType = text.json; path = countries.json; sourceTree = "<group>"; };
		3DEF78762B8D0E030081AFD9 /* Country.swift */ = {isa = PBXFileReference; lastKnownFileType = sourcecode.swift; path = Country.swift; sourceTree = "<group>"; };
		3DEF78782B8D10CB0081AFD9 /* SelectCountryView.swift */ = {isa = PBXFileReference; lastKnownFileType = sourcecode.swift; path = SelectCountryView.swift; sourceTree = "<group>"; };
		3DEF787B2B8D144F0081AFD9 /* EnterPhoneNumberView.swift */ = {isa = PBXFileReference; lastKnownFileType = sourcecode.swift; path = EnterPhoneNumberView.swift; sourceTree = "<group>"; };
		3DEF787D2B8D1B2E0081AFD9 /* EnterCodeView.swift */ = {isa = PBXFileReference; lastKnownFileType = sourcecode.swift; path = EnterCodeView.swift; sourceTree = "<group>"; };
		3DF6E9F62B6FABAA00CE0D95 /* RealInsight.app */ = {isa = PBXFileReference; explicitFileType = wrapper.application; includeInIndex = 0; path = RealInsight.app; sourceTree = BUILT_PRODUCTS_DIR; };
		3DF6E9F92B6FABAA00CE0D95 /* RealInsightApp.swift */ = {isa = PBXFileReference; lastKnownFileType = sourcecode.swift; path = RealInsightApp.swift; sourceTree = "<group>"; };
		3DF6E9FB2B6FABAA00CE0D95 /* ContentView.swift */ = {isa = PBXFileReference; lastKnownFileType = sourcecode.swift; path = ContentView.swift; sourceTree = "<group>"; };
		3DF6E9FD2B6FABAC00CE0D95 /* Assets.xcassets */ = {isa = PBXFileReference; lastKnownFileType = folder.assetcatalog; path = Assets.xcassets; sourceTree = "<group>"; };
		3DF6EA002B6FABAC00CE0D95 /* Preview Assets.xcassets */ = {isa = PBXFileReference; lastKnownFileType = folder.assetcatalog; path = "Preview Assets.xcassets"; sourceTree = "<group>"; };
		3DF6EA072B6FABE900CE0D95 /* Feed.swift */ = {isa = PBXFileReference; lastKnownFileType = sourcecode.swift; path = Feed.swift; sourceTree = "<group>"; };
		3DF6EA092B6FAD9700CE0D95 /* FeedCell.swift */ = {isa = PBXFileReference; lastKnownFileType = sourcecode.swift; path = FeedCell.swift; sourceTree = "<group>"; };
		3DF6EA0D2B6FB49500CE0D95 /* ThreeDots.swift */ = {isa = PBXFileReference; lastKnownFileType = sourcecode.swift; path = ThreeDots.swift; sourceTree = "<group>"; };
		3DF6EA0F2B6FB6FF00CE0D95 /* Profile.swift */ = {isa = PBXFileReference; lastKnownFileType = sourcecode.swift; path = Profile.swift; sourceTree = "<group>"; };
		3DF6EA112B6FB9BE00CE0D95 /* MemoryView.swift */ = {isa = PBXFileReference; lastKnownFileType = sourcecode.swift; path = MemoryView.swift; sourceTree = "<group>"; };
/* End PBXFileReference section */

/* Begin PBXFrameworksBuildPhase section */
		3DF6E9F32B6FABAA00CE0D95 /* Frameworks */ = {
			isa = PBXFrameworksBuildPhase;
			buildActionMask = 2147483647;
			files = (
				3D19983B2B8FC8DA009B020A /* FirebaseAuth in Frameworks */,
				3D1998412B8FC8DB009B020A /* FirebaseStorage in Frameworks */,
				3D1998432B8FC8DB009B020A /* FirebaseStorageCombine-Community in Frameworks */,
				3D19983D2B8FC8DB009B020A /* FirebaseFirestore in Frameworks */,
				3D19983F2B8FC8DB009B020A /* FirebaseFirestoreSwift in Frameworks */,
			);
			runOnlyForDeploymentPostprocessing = 0;
		};
/* End PBXFrameworksBuildPhase section */

/* Begin PBXGroup section */
		3D33CFF22B7164C60053C59F /* Extensions */ = {
			isa = PBXGroup;
			children = (
				3D33CFF32B7164D90053C59F /* Extensions.swift */,
			);
			path = Extensions;
			sourceTree = "<group>";
		};
		3D9A35B42B718B09000F51AC /* LeftMenu */ = {
			isa = PBXGroup;
			children = (
				3D9A35B52B718B22000F51AC /* LeftMenu.swift */,
				3D9A35B72B718B4D000F51AC /* LeftMenuTopView.swift */,
				3D8CDF532B75725B00C6C1F3 /* Suggestions.swift */,
				3D8CDF552B75739E00C6C1F3 /* SuggestionCellView.swift */,
				3D8CDF572B75764E00C6C1F3 /* FriendsView.swift */,
				3D8CDF592B75770D00C6C1F3 /* FriendsCellView.swift */,
				3DD405172B7BF1F600C39D5C /* RequestsView.swift */,
			);
			path = LeftMenu;
			sourceTree = "<group>";
		};
		3D9A35BA2B718BCF000F51AC /* Items */ = {
			isa = PBXGroup;
			children = (
				3D9A35BB2B718BE9000F51AC /* SearchBar.swift */,
				3DD405282B7C134600C39D5C /* WhiteButtonView.swift */,
			);
			path = Items;
			sourceTree = "<group>";
		};
		3DD405252B7C0C0900C39D5C /* Settings */ = {
			isa = PBXGroup;
			children = (
				3D33CFEE2B7159100053C59F /* SettingsView.swift */,
				3D33CFF02B7161E40053C59F /* EditProfile.swift */,
				3D9A35B22B7182C2000F51AC /* TimeZoneView.swift */,
				3DD405192B7BFBA800C39D5C /* OtherView.swift */,
				3DD4051B2B7BFE9400C39D5C /* HelpView.swift */,
				3DD4051F2B7C00CE00C39D5C /* ContactUsView.swift */,
				3DD405212B7C027300C39D5C /* MemoriesView.swift */,
				3DD405232B7C0A5B00C39D5C /* NotificationsView.swift */,
				3DD405262B7C0E8C00C39D5C /* NotificationsButtonView.swift */,
			);
			path = Settings;
			sourceTree = "<group>";
		};
		3DEF787A2B8D14270081AFD9 /* Authentication */ = {
			isa = PBXGroup;
			children = (
				3DEF786D2B8D01680081AFD9 /* EnterNameView.swift */,
				3DEF786F2B8D05980081AFD9 /* EnterAgeView.swift */,
				3DEF78782B8D10CB0081AFD9 /* SelectCountryView.swift */,
				3DEF787B2B8D144F0081AFD9 /* EnterPhoneNumberView.swift */,
				3DEF787D2B8D1B2E0081AFD9 /* EnterCodeView.swift */,
				3D9A18482B8FB90D003D2447 /* MainAuthenticationView.swift */,
			);
			path = Authentication;
			sourceTree = "<group>";
		};
		3DF6E9ED2B6FABAA00CE0D95 = {
			isa = PBXGroup;
			children = (
				3DF6E9F82B6FABAA00CE0D95 /* RealInsight */,
				3DF6E9F72B6FABAA00CE0D95 /* Products */,
			);
			sourceTree = "<group>";
		};
		3DF6E9F72B6FABAA00CE0D95 /* Products */ = {
			isa = PBXGroup;
			children = (
				3DF6E9F62B6FABAA00CE0D95 /* RealInsight.app */,
			);
			name = Products;
			sourceTree = "<group>";
		};
		3DF6E9F82B6FABAA00CE0D95 /* RealInsight */ = {
			isa = PBXGroup;
			children = (
				3D1998462B8FD104009B020A /* Info.plist */,
				3D1998442B8FC970009B020A /* GoogleService-Info.plist */,
				3D9A35BA2B718BCF000F51AC /* Items */,
				3D9A35B42B718B09000F51AC /* LeftMenu */,
				3D33CFF22B7164C60053C59F /* Extensions */,
				3DF6EA0C2B6FB48000CE0D95 /* Helpers */,
				3DF6E9F92B6FABAA00CE0D95 /* RealInsightApp.swift */,
				3DF6E9FB2B6FABAA00CE0D95 /* ContentView.swift */,
				3DF6E9FD2B6FABAC00CE0D95 /* Assets.xcassets */,
				3DF6E9FF2B6FABAC00CE0D95 /* Preview Content */,
				3DF6EA072B6FABE900CE0D95 /* Feed.swift */,
				3DF6EA092B6FAD9700CE0D95 /* FeedCell.swift */,
				3DF6EA0F2B6FB6FF00CE0D95 /* Profile.swift */,
				3DF6EA112B6FB9BE00CE0D95 /* MemoryView.swift */,
				3DD405252B7C0C0900C39D5C /* Settings */,
				3DD4051D2B7BFF5300C39D5C /* ChevronButtonView.swift */,
				3DEF787A2B8D14270081AFD9 /* Authentication */,
				3DEF78742B8D0DE10081AFD9 /* countries.json */,
				3DEF78762B8D0E030081AFD9 /* Country.swift */,
				3D9A184A2B8FBBC0003D2447 /* AuthenticationViewModel.swift */,
				3D9A184C2B8FBBE5003D2447 /* Birthdate.swift */,
				3DAE5C7C2B9102A30019787D /* User.swift */,
				3DAE5C7E2B9104180019787D /* MainView.swift */,
				3D4066F82B911B2D00785E5E /* LoadingView.swift */,
			);
			path = RealInsight;
			sourceTree = "<group>";
		};
		3DF6E9FF2B6FABAC00CE0D95 /* Preview Content */ = {
			isa = PBXGroup;
			children = (
				3DF6EA002B6FABAC00CE0D95 /* Preview Assets.xcassets */,
			);
			path = "Preview Content";
			sourceTree = "<group>";
		};
		3DF6EA0C2B6FB48000CE0D95 /* Helpers */ = {
			isa = PBXGroup;
			children = (
				3DF6EA0D2B6FB49500CE0D95 /* ThreeDots.swift */,
			);
			path = Helpers;
			sourceTree = "<group>";
		};
/* End PBXGroup section */

/* Begin PBXNativeTarget section */
		3DF6E9F52B6FABAA00CE0D95 /* RealInsight */ = {
			isa = PBXNativeTarget;
			buildConfigurationList = 3DF6EA042B6FABAC00CE0D95 /* Build configuration list for PBXNativeTarget "RealInsight" */;
			buildPhases = (
				3DF6E9F22B6FABAA00CE0D95 /* Sources */,
				3DF6E9F32B6FABAA00CE0D95 /* Frameworks */,
				3DF6E9F42B6FABAA00CE0D95 /* Resources */,
			);
			buildRules = (
			);
			dependencies = (
			);
			name = RealInsight;
			packageProductDependencies = (
				3D19983A2B8FC8DA009B020A /* FirebaseAuth */,
				3D19983C2B8FC8DA009B020A /* FirebaseFirestore */,
				3D19983E2B8FC8DB009B020A /* FirebaseFirestoreSwift */,
				3D1998402B8FC8DB009B020A /* FirebaseStorage */,
				3D1998422B8FC8DB009B020A /* FirebaseStorageCombine-Community */,
			);
			productName = RealInsight;
			productReference = 3DF6E9F62B6FABAA00CE0D95 /* RealInsight.app */;
			productType = "com.apple.product-type.application";
		};
/* End PBXNativeTarget section */

/* Begin PBXProject section */
		3DF6E9EE2B6FABAA00CE0D95 /* Project object */ = {
			isa = PBXProject;
			attributes = {
				BuildIndependentTargetsInParallel = 1;
				LastSwiftUpdateCheck = 1430;
				LastUpgradeCheck = 1430;
				TargetAttributes = {
					3DF6E9F52B6FABAA00CE0D95 = {
						CreatedOnToolsVersion = 14.3.1;
					};
				};
			};
			buildConfigurationList = 3DF6E9F12B6FABAA00CE0D95 /* Build configuration list for PBXProject "RealInsight" */;
			compatibilityVersion = "Xcode 14.0";
			developmentRegion = en;
			hasScannedForEncodings = 0;
			knownRegions = (
				en,
				Base,
			);
			mainGroup = 3DF6E9ED2B6FABAA00CE0D95;
			packageReferences = (
				3D1998392B8FC8DA009B020A /* XCRemoteSwiftPackageReference "firebase-ios-sdk" */,
			);
			productRefGroup = 3DF6E9F72B6FABAA00CE0D95 /* Products */;
			projectDirPath = "";
			projectRoot = "";
			targets = (
				3DF6E9F52B6FABAA00CE0D95 /* RealInsight */,
			);
		};
/* End PBXProject section */

/* Begin PBXResourcesBuildPhase section */
		3DF6E9F42B6FABAA00CE0D95 /* Resources */ = {
			isa = PBXResourcesBuildPhase;
			buildActionMask = 2147483647;
			files = (
				3DEF78752B8D0DE10081AFD9 /* countries.json in Resources */,
				3D1998452B8FC970009B020A /* GoogleService-Info.plist in Resources */,
				3DF6EA012B6FABAC00CE0D95 /* Preview Assets.xcassets in Resources */,
				3DF6E9FE2B6FABAC00CE0D95 /* Assets.xcassets in Resources */,
			);
			runOnlyForDeploymentPostprocessing = 0;
		};
/* End PBXResourcesBuildPhase section */

/* Begin PBXSourcesBuildPhase section */
		3DF6E9F22B6FABAA00CE0D95 /* Sources */ = {
			isa = PBXSourcesBuildPhase;
			buildActionMask = 2147483647;
			files = (
				3DF6EA122B6FB9BE00CE0D95 /* MemoryView.swift in Sources */,
				3DD405272B7C0E8C00C39D5C /* NotificationsButtonView.swift in Sources */,
				3DEF78702B8D05980081AFD9 /* EnterAgeView.swift in Sources */,
				3DF6E9FC2B6FABAA00CE0D95 /* ContentView.swift in Sources */,
				3D33CFEF2B7159100053C59F /* SettingsView.swift in Sources */,
				3DAE5C7F2B9104180019787D /* MainView.swift in Sources */,
				3D9A35B32B7182C2000F51AC /* TimeZoneView.swift in Sources */,
				3DF6EA102B6FB6FF00CE0D95 /* Profile.swift in Sources */,
				3D9A35B82B718B4D000F51AC /* LeftMenuTopView.swift in Sources */,
				3D8CDF562B75739E00C6C1F3 /* SuggestionCellView.swift in Sources */,
				3D8CDF542B75725B00C6C1F3 /* Suggestions.swift in Sources */,
				3D4066F92B911B2D00785E5E /* LoadingView.swift in Sources */,
				3D9A35B62B718B22000F51AC /* LeftMenu.swift in Sources */,
				3D8CDF582B75764E00C6C1F3 /* FriendsView.swift in Sources */,
				3DD4051C2B7BFE9500C39D5C /* HelpView.swift in Sources */,
				3D9A35BC2B718BE9000F51AC /* SearchBar.swift in Sources */,
				3DD405202B7C00CE00C39D5C /* ContactUsView.swift in Sources */,
				3DF6EA0E2B6FB49500CE0D95 /* ThreeDots.swift in Sources */,
				3D9A184B2B8FBBC0003D2447 /* AuthenticationViewModel.swift in Sources */,
				3DD405182B7BF1F600C39D5C /* RequestsView.swift in Sources */,
				3DEF787C2B8D144F0081AFD9 /* EnterPhoneNumberView.swift in Sources */,
				3DEF786E2B8D01680081AFD9 /* EnterNameView.swift in Sources */,
				3DD4051E2B7BFF5300C39D5C /* ChevronButtonView.swift in Sources */,
				3DD405242B7C0A5B00C39D5C /* NotificationsView.swift in Sources */,
				3D9A184D2B8FBBE5003D2447 /* Birthdate.swift in Sources */,
				3DAE5C7D2B9102A30019787D /* User.swift in Sources */,
				3D33CFF42B7164D90053C59F /* Extensions.swift in Sources */,
				3DEF78792B8D10CB0081AFD9 /* SelectCountryView.swift in Sources */,
				3D9A18492B8FB90D003D2447 /* MainAuthenticationView.swift in Sources */,
				3DD405222B7C027300C39D5C /* MemoriesView.swift in Sources */,
				3DF6EA0A2B6FAD9700CE0D95 /* FeedCell.swift in Sources */,
				3DF6EA082B6FABE900CE0D95 /* Feed.swift in Sources */,
				3DF6E9FA2B6FABAA00CE0D95 /* RealInsightApp.swift in Sources */,
				3DD405292B7C134600C39D5C /* WhiteButtonView.swift in Sources */,
				3D8CDF5A2B75770D00C6C1F3 /* FriendsCellView.swift in Sources */,
				3D33CFF12B7161E40053C59F /* EditProfile.swift in Sources */,
				3DEF78772B8D0E030081AFD9 /* Country.swift in Sources */,
				3DD4051A2B7BFBA800C39D5C /* OtherView.swift in Sources */,
				3DEF787E2B8D1B2E0081AFD9 /* EnterCodeView.swift in Sources */,
			);
			runOnlyForDeploymentPostprocessing = 0;
		};
/* End PBXSourcesBuildPhase section */

/* Begin XCBuildConfiguration section */
		3DF6EA022B6FABAC00CE0D95 /* Debug */ = {
			isa = XCBuildConfiguration;
			buildSettings = {
				ALWAYS_SEARCH_USER_PATHS = NO;
				CLANG_ANALYZER_NONNULL = YES;
				CLANG_ANALYZER_NUMBER_OBJECT_CONVERSION = YES_AGGRESSIVE;
				CLANG_CXX_LANGUAGE_STANDARD = "gnu++20";
				CLANG_ENABLE_MODULES = YES;
				CLANG_ENABLE_OBJC_ARC = YES;
				CLANG_ENABLE_OBJC_WEAK = YES;
				CLANG_WARN_BLOCK_CAPTURE_AUTORELEASING = YES;
				CLANG_WARN_BOOL_CONVERSION = YES;
				CLANG_WARN_COMMA = YES;
				CLANG_WARN_CONSTANT_CONVERSION = YES;
				CLANG_WARN_DEPRECATED_OBJC_IMPLEMENTATIONS = YES;
				CLANG_WARN_DIRECT_OBJC_ISA_USAGE = YES_ERROR;
				CLANG_WARN_DOCUMENTATION_COMMENTS = YES;
				CLANG_WARN_EMPTY_BODY = YES;
				CLANG_WARN_ENUM_CONVERSION = YES;
				CLANG_WARN_INFINITE_RECURSION = YES;
				CLANG_WARN_INT_CONVERSION = YES;
				CLANG_WARN_NON_LITERAL_NULL_CONVERSION = YES;
				CLANG_WARN_OBJC_IMPLICIT_RETAIN_SELF = YES;
				CLANG_WARN_OBJC_LITERAL_CONVERSION = YES;
				CLANG_WARN_OBJC_ROOT_CLASS = YES_ERROR;
				CLANG_WARN_QUOTED_INCLUDE_IN_FRAMEWORK_HEADER = YES;
				CLANG_WARN_RANGE_LOOP_ANALYSIS = YES;
				CLANG_WARN_STRICT_PROTOTYPES = YES;
				CLANG_WARN_SUSPICIOUS_MOVE = YES;
				CLANG_WARN_UNGUARDED_AVAILABILITY = YES_AGGRESSIVE;
				CLANG_WARN_UNREACHABLE_CODE = YES;
				CLANG_WARN__DUPLICATE_METHOD_MATCH = YES;
				COPY_PHASE_STRIP = NO;
				DEBUG_INFORMATION_FORMAT = dwarf;
				ENABLE_STRICT_OBJC_MSGSEND = YES;
				ENABLE_TESTABILITY = YES;
				GCC_C_LANGUAGE_STANDARD = gnu11;
				GCC_DYNAMIC_NO_PIC = NO;
				GCC_NO_COMMON_BLOCKS = YES;
				GCC_OPTIMIZATION_LEVEL = 0;
				GCC_PREPROCESSOR_DEFINITIONS = (
					"DEBUG=1",
					"$(inherited)",
				);
				GCC_WARN_64_TO_32_BIT_CONVERSION = YES;
				GCC_WARN_ABOUT_RETURN_TYPE = YES_ERROR;
				GCC_WARN_UNDECLARED_SELECTOR = YES;
				GCC_WARN_UNINITIALIZED_AUTOS = YES_AGGRESSIVE;
				GCC_WARN_UNUSED_FUNCTION = YES;
				GCC_WARN_UNUSED_VARIABLE = YES;
				IPHONEOS_DEPLOYMENT_TARGET = 16.4;
				MTL_ENABLE_DEBUG_INFO = INCLUDE_SOURCE;
				MTL_FAST_MATH = YES;
				ONLY_ACTIVE_ARCH = YES;
				SDKROOT = iphoneos;
				SWIFT_ACTIVE_COMPILATION_CONDITIONS = DEBUG;
				SWIFT_OPTIMIZATION_LEVEL = "-Onone";
			};
			name = Debug;
		};
		3DF6EA032B6FABAC00CE0D95 /* Release */ = {
			isa = XCBuildConfiguration;
			buildSettings = {
				ALWAYS_SEARCH_USER_PATHS = NO;
				CLANG_ANALYZER_NONNULL = YES;
				CLANG_ANALYZER_NUMBER_OBJECT_CONVERSION = YES_AGGRESSIVE;
				CLANG_CXX_LANGUAGE_STANDARD = "gnu++20";
				CLANG_ENABLE_MODULES = YES;
				CLANG_ENABLE_OBJC_ARC = YES;
				CLANG_ENABLE_OBJC_WEAK = YES;
				CLANG_WARN_BLOCK_CAPTURE_AUTORELEASING = YES;
				CLANG_WARN_BOOL_CONVERSION = YES;
				CLANG_WARN_COMMA = YES;
				CLANG_WARN_CONSTANT_CONVERSION = YES;
				CLANG_WARN_DEPRECATED_OBJC_IMPLEMENTATIONS = YES;
				CLANG_WARN_DIRECT_OBJC_ISA_USAGE = YES_ERROR;
				CLANG_WARN_DOCUMENTATION_COMMENTS = YES;
				CLANG_WARN_EMPTY_BODY = YES;
				CLANG_WARN_ENUM_CONVERSION = YES;
				CLANG_WARN_INFINITE_RECURSION = YES;
				CLANG_WARN_INT_CONVERSION = YES;
				CLANG_WARN_NON_LITERAL_NULL_CONVERSION = YES;
				CLANG_WARN_OBJC_IMPLICIT_RETAIN_SELF = YES;
				CLANG_WARN_OBJC_LITERAL_CONVERSION = YES;
				CLANG_WARN_OBJC_ROOT_CLASS = YES_ERROR;
				CLANG_WARN_QUOTED_INCLUDE_IN_FRAMEWORK_HEADER = YES;
				CLANG_WARN_RANGE_LOOP_ANALYSIS = YES;
				CLANG_WARN_STRICT_PROTOTYPES = YES;
				CLANG_WARN_SUSPICIOUS_MOVE = YES;
				CLANG_WARN_UNGUARDED_AVAILABILITY = YES_AGGRESSIVE;
				CLANG_WARN_UNREACHABLE_CODE = YES;
				CLANG_WARN__DUPLICATE_METHOD_MATCH = YES;
				COPY_PHASE_STRIP = NO;
				DEBUG_INFORMATION_FORMAT = "dwarf-with-dsym";
				ENABLE_NS_ASSERTIONS = NO;
				ENABLE_STRICT_OBJC_MSGSEND = YES;
				GCC_C_LANGUAGE_STANDARD = gnu11;
				GCC_NO_COMMON_BLOCKS = YES;
				GCC_WARN_64_TO_32_BIT_CONVERSION = YES;
				GCC_WARN_ABOUT_RETURN_TYPE = YES_ERROR;
				GCC_WARN_UNDECLARED_SELECTOR = YES;
				GCC_WARN_UNINITIALIZED_AUTOS = YES_AGGRESSIVE;
				GCC_WARN_UNUSED_FUNCTION = YES;
				GCC_WARN_UNUSED_VARIABLE = YES;
				IPHONEOS_DEPLOYMENT_TARGET = 16.4;
				MTL_ENABLE_DEBUG_INFO = NO;
				MTL_FAST_MATH = YES;
				SDKROOT = iphoneos;
				SWIFT_COMPILATION_MODE = wholemodule;
				SWIFT_OPTIMIZATION_LEVEL = "-O";
				VALIDATE_PRODUCT = YES;
			};
			name = Release;
		};
		3DF6EA052B6FABAC00CE0D95 /* Debug */ = {
			isa = XCBuildConfiguration;
			buildSettings = {
				ASSETCATALOG_COMPILER_APPICON_NAME = AppIcon;
				ASSETCATALOG_COMPILER_GLOBAL_ACCENT_COLOR_NAME = AccentColor;
				CODE_SIGN_STYLE = Automatic;
				CURRENT_PROJECT_VERSION = 1;
				DEVELOPMENT_ASSET_PATHS = "\"RealInsight/Preview Content\"";
				DEVELOPMENT_TEAM = PX63F4TNY3;
				ENABLE_PREVIEWS = YES;
				GENERATE_INFOPLIST_FILE = YES;
				INFOPLIST_FILE = RealInsight/Info.plist;
				INFOPLIST_KEY_UIApplicationSceneManifest_Generation = YES;
				INFOPLIST_KEY_UIApplicationSupportsIndirectInputEvents = YES;
				INFOPLIST_KEY_UILaunchScreen_Generation = YES;
				INFOPLIST_KEY_UISupportedInterfaceOrientations_iPad = "UIInterfaceOrientationPortrait UIInterfaceOrientationPortraitUpsideDown UIInterfaceOrientationLandscapeLeft UIInterfaceOrientationLandscapeRight";
				INFOPLIST_KEY_UISupportedInterfaceOrientations_iPhone = "UIInterfaceOrientationPortrait UIInterfaceOrientationLandscapeLeft UIInterfaceOrientationLandscapeRight";
				LD_RUNPATH_SEARCH_PATHS = (
					"$(inherited)",
					"@executable_path/Frameworks",
				);
				MARKETING_VERSION = 1.0;
				PRODUCT_BUNDLE_IDENTIFIER = com.dreamsoftware.RealInsight;
				PRODUCT_NAME = "$(TARGET_NAME)";
				SWIFT_EMIT_LOC_STRINGS = YES;
				SWIFT_VERSION = 5.0;
				TARGETED_DEVICE_FAMILY = "1,2";
			};
			name = Debug;
		};
		3DF6EA062B6FABAC00CE0D95 /* Release */ = {
			isa = XCBuildConfiguration;
			buildSettings = {
				ASSETCATALOG_COMPILER_APPICON_NAME = AppIcon;
				ASSETCATALOG_COMPILER_GLOBAL_ACCENT_COLOR_NAME = AccentColor;
				CODE_SIGN_STYLE = Automatic;
				CURRENT_PROJECT_VERSION = 1;
				DEVELOPMENT_ASSET_PATHS = "\"RealInsight/Preview Content\"";
				DEVELOPMENT_TEAM = PX63F4TNY3;
				ENABLE_PREVIEWS = YES;
				GENERATE_INFOPLIST_FILE = YES;
				INFOPLIST_FILE = RealInsight/Info.plist;
				INFOPLIST_KEY_UIApplicationSceneManifest_Generation = YES;
				INFOPLIST_KEY_UIApplicationSupportsIndirectInputEvents = YES;
				INFOPLIST_KEY_UILaunchScreen_Generation = YES;
				INFOPLIST_KEY_UISupportedInterfaceOrientations_iPad = "UIInterfaceOrientationPortrait UIInterfaceOrientationPortraitUpsideDown UIInterfaceOrientationLandscapeLeft UIInterfaceOrientationLandscapeRight";
				INFOPLIST_KEY_UISupportedInterfaceOrientations_iPhone = "UIInterfaceOrientationPortrait UIInterfaceOrientationLandscapeLeft UIInterfaceOrientationLandscapeRight";
				LD_RUNPATH_SEARCH_PATHS = (
					"$(inherited)",
					"@executable_path/Frameworks",
				);
				MARKETING_VERSION = 1.0;
				PRODUCT_BUNDLE_IDENTIFIER = com.dreamsoftware.RealInsight;
				PRODUCT_NAME = "$(TARGET_NAME)";
				SWIFT_EMIT_LOC_STRINGS = YES;
				SWIFT_VERSION = 5.0;
				TARGETED_DEVICE_FAMILY = "1,2";
			};
			name = Release;
		};
/* End XCBuildConfiguration section */

/* Begin XCConfigurationList section */
		3DF6E9F12B6FABAA00CE0D95 /* Build configuration list for PBXProject "RealInsight" */ = {
			isa = XCConfigurationList;
			buildConfigurations = (
				3DF6EA022B6FABAC00CE0D95 /* Debug */,
				3DF6EA032B6FABAC00CE0D95 /* Release */,
			);
			defaultConfigurationIsVisible = 0;
			defaultConfigurationName = Release;
		};
		3DF6EA042B6FABAC00CE0D95 /* Build configuration list for PBXNativeTarget "RealInsight" */ = {
			isa = XCConfigurationList;
			buildConfigurations = (
				3DF6EA052B6FABAC00CE0D95 /* Debug */,
				3DF6EA062B6FABAC00CE0D95 /* Release */,
			);
			defaultConfigurationIsVisible = 0;
			defaultConfigurationName = Release;
		};
/* End XCConfigurationList section */

/* Begin XCRemoteSwiftPackageReference section */
		3D1998392B8FC8DA009B020A /* XCRemoteSwiftPackageReference "firebase-ios-sdk" */ = {
			isa = XCRemoteSwiftPackageReference;
			repositoryURL = "https://github.com/firebase/firebase-ios-sdk.git";
			requirement = {
				kind = upToNextMajorVersion;
				minimumVersion = 10.0.0;
			};
		};
/* End XCRemoteSwiftPackageReference section */

/* Begin XCSwiftPackageProductDependency section */
		3D19983A2B8FC8DA009B020A /* FirebaseAuth */ = {
			isa = XCSwiftPackageProductDependency;
			package = 3D1998392B8FC8DA009B020A /* XCRemoteSwiftPackageReference "firebase-ios-sdk" */;
			productName = FirebaseAuth;
		};
		3D19983C2B8FC8DA009B020A /* FirebaseFirestore */ = {
			isa = XCSwiftPackageProductDependency;
			package = 3D1998392B8FC8DA009B020A /* XCRemoteSwiftPackageReference "firebase-ios-sdk" */;
			productName = FirebaseFirestore;
		};
		3D19983E2B8FC8DB009B020A /* FirebaseFirestoreSwift */ = {
			isa = XCSwiftPackageProductDependency;
			package = 3D1998392B8FC8DA009B020A /* XCRemoteSwiftPackageReference "firebase-ios-sdk" */;
			productName = FirebaseFirestoreSwift;
		};
		3D1998402B8FC8DB009B020A /* FirebaseStorage */ = {
			isa = XCSwiftPackageProductDependency;
			package = 3D1998392B8FC8DA009B020A /* XCRemoteSwiftPackageReference "firebase-ios-sdk" */;
			productName = FirebaseStorage;
		};
		3D1998422B8FC8DB009B020A /* FirebaseStorageCombine-Community */ = {
			isa = XCSwiftPackageProductDependency;
			package = 3D1998392B8FC8DA009B020A /* XCRemoteSwiftPackageReference "firebase-ios-sdk" */;
			productName = "FirebaseStorageCombine-Community";
		};
/* End XCSwiftPackageProductDependency section */
	};
	rootObject = 3DF6E9EE2B6FABAA00CE0D95 /* Project object */;
}
